// !$*UTF8*$!
{
	archiveVersion = 1;
	classes = {
	};
	objectVersion = 46;
	objects = {

/* Begin PBXBuildFile section */
		3F7FDF2F1D4F453D00E04DA1 /* main.m in Sources */ = {isa = PBXBuildFile; fileRef = 3F7FDF2E1D4F453D00E04DA1 /* main.m */; };
		3F7FDF321D4F453D00E04DA1 /* AppDelegate.m in Sources */ = {isa = PBXBuildFile; fileRef = 3F7FDF311D4F453D00E04DA1 /* AppDelegate.m */; };
		3F7FDF351D4F453D00E04DA1 /* MainViewController.m in Sources */ = {isa = PBXBuildFile; fileRef = 3F7FDF341D4F453D00E04DA1 /* MainViewController.m */; };
		3F7FDF3A1D4F453D00E04DA1 /* Assets.xcassets in Resources */ = {isa = PBXBuildFile; fileRef = 3F7FDF391D4F453D00E04DA1 /* Assets.xcassets */; };
		3F7FDF3D1D4F453D00E04DA1 /* LaunchScreen.storyboard in Resources */ = {isa = PBXBuildFile; fileRef = 3F7FDF3B1D4F453D00E04DA1 /* LaunchScreen.storyboard */; };
		3FA8B0BF1D4F56EB009AE276 /* LeftSideMenuViewController.m in Sources */ = {isa = PBXBuildFile; fileRef = 3FA8B0BE1D4F56EB009AE276 /* LeftSideMenuViewController.m */; };
		3FA8B0C41D4F5ABC009AE276 /* DEMOFirstViewController.m in Sources */ = {isa = PBXBuildFile; fileRef = 3FA8B0C11D4F5ABC009AE276 /* DEMOFirstViewController.m */; };
		3FA8B0C51D4F5ABC009AE276 /* DEMOSecondViewController.m in Sources */ = {isa = PBXBuildFile; fileRef = 3FA8B0C31D4F5ABC009AE276 /* DEMOSecondViewController.m */; };
		3FA8B0C81D4F5C9A009AE276 /* SideMenuContentViewController.m in Sources */ = {isa = PBXBuildFile; fileRef = 3FA8B0C71D4F5C9A009AE276 /* SideMenuContentViewController.m */; };
		3FA8B0CB1D5031A9009AE276 /* Image.xcassets in Resources */ = {isa = PBXBuildFile; fileRef = 3FA8B0CA1D5031A9009AE276 /* Image.xcassets */; };
		5769DB0E877ED21717F8ACF4 /* libPods-YYPlay.a in Frameworks */ = {isa = PBXBuildFile; fileRef = 4BBF5CF9BBB245B2FC825A1D /* libPods-YYPlay.a */; };
/* End PBXBuildFile section */

/* Begin PBXFileReference section */
		3F7FDF2A1D4F453D00E04DA1 /* YYPlay.app */ = {isa = PBXFileReference; explicitFileType = wrapper.application; includeInIndex = 0; path = YYPlay.app; sourceTree = BUILT_PRODUCTS_DIR; };
		3F7FDF2E1D4F453D00E04DA1 /* main.m */ = {isa = PBXFileReference; lastKnownFileType = sourcecode.c.objc; path = main.m; sourceTree = "<group>"; };
		3F7FDF301D4F453D00E04DA1 /* AppDelegate.h */ = {isa = PBXFileReference; lastKnownFileType = sourcecode.c.h; path = AppDelegate.h; sourceTree = "<group>"; };
		3F7FDF311D4F453D00E04DA1 /* AppDelegate.m */ = {isa = PBXFileReference; lastKnownFileType = sourcecode.c.objc; path = AppDelegate.m; sourceTree = "<group>"; };
		3F7FDF331D4F453D00E04DA1 /* MainViewController.h */ = {isa = PBXFileReference; lastKnownFileType = sourcecode.c.h; path = MainViewController.h; sourceTree = "<group>"; };
		3F7FDF341D4F453D00E04DA1 /* MainViewController.m */ = {isa = PBXFileReference; lastKnownFileType = sourcecode.c.objc; path = MainViewController.m; sourceTree = "<group>"; };
		3F7FDF391D4F453D00E04DA1 /* Assets.xcassets */ = {isa = PBXFileReference; lastKnownFileType = folder.assetcatalog; path = Assets.xcassets; sourceTree = "<group>"; };
		3F7FDF3C1D4F453D00E04DA1 /* Base */ = {isa = PBXFileReference; lastKnownFileType = file.storyboard; name = Base; path = Base.lproj/LaunchScreen.storyboard; sourceTree = "<group>"; };
		3F7FDF3E1D4F453D00E04DA1 /* Info.plist */ = {isa = PBXFileReference; lastKnownFileType = text.plist.xml; path = Info.plist; sourceTree = "<group>"; };
		3FA8B0BD1D4F56EB009AE276 /* LeftSideMenuViewController.h */ = {isa = PBXFileReference; fileEncoding = 4; lastKnownFileType = sourcecode.c.h; path = LeftSideMenuViewController.h; sourceTree = "<group>"; };
		3FA8B0BE1D4F56EB009AE276 /* LeftSideMenuViewController.m */ = {isa = PBXFileReference; fileEncoding = 4; lastKnownFileType = sourcecode.c.objc; path = LeftSideMenuViewController.m; sourceTree = "<group>"; };
		3FA8B0C01D4F5ABC009AE276 /* DEMOFirstViewController.h */ = {isa = PBXFileReference; fileEncoding = 4; lastKnownFileType = sourcecode.c.h; path = DEMOFirstViewController.h; sourceTree = "<group>"; };
		3FA8B0C11D4F5ABC009AE276 /* DEMOFirstViewController.m */ = {isa = PBXFileReference; fileEncoding = 4; lastKnownFileType = sourcecode.c.objc; path = DEMOFirstViewController.m; sourceTree = "<group>"; };
		3FA8B0C21D4F5ABC009AE276 /* DEMOSecondViewController.h */ = {isa = PBXFileReference; fileEncoding = 4; lastKnownFileType = sourcecode.c.h; path = DEMOSecondViewController.h; sourceTree = "<group>"; };
		3FA8B0C31D4F5ABC009AE276 /* DEMOSecondViewController.m */ = {isa = PBXFileReference; fileEncoding = 4; lastKnownFileType = sourcecode.c.objc; path = DEMOSecondViewController.m; sourceTree = "<group>"; };
		3FA8B0C61D4F5C9A009AE276 /* SideMenuContentViewController.h */ = {isa = PBXFileReference; fileEncoding = 4; lastKnownFileType = sourcecode.c.h; path = SideMenuContentViewController.h; sourceTree = "<group>"; };
		3FA8B0C71D4F5C9A009AE276 /* SideMenuContentViewController.m */ = {isa = PBXFileReference; fileEncoding = 4; lastKnownFileType = sourcecode.c.objc; path = SideMenuContentViewController.m; sourceTree = "<group>"; };
		3FA8B0CA1D5031A9009AE276 /* Image.xcassets */ = {isa = PBXFileReference; lastKnownFileType = folder.assetcatalog; path = Image.xcassets; sourceTree = "<group>"; };
		4BBF5CF9BBB245B2FC825A1D /* libPods-YYPlay.a */ = {isa = PBXFileReference; explicitFileType = archive.ar; includeInIndex = 0; path = "libPods-YYPlay.a"; sourceTree = BUILT_PRODUCTS_DIR; };
		5F82A3027ED7FF9F9B8C711F /* Pods-YYPlay.release.xcconfig */ = {isa = PBXFileReference; includeInIndex = 1; lastKnownFileType = text.xcconfig; name = "Pods-YYPlay.release.xcconfig"; path = "Pods/Target Support Files/Pods-YYPlay/Pods-YYPlay.release.xcconfig"; sourceTree = "<group>"; };
		EA5DEE2B8704D5D84EF2E976 /* Pods-YYPlay.debug.xcconfig */ = {isa = PBXFileReference; includeInIndex = 1; lastKnownFileType = text.xcconfig; name = "Pods-YYPlay.debug.xcconfig"; path = "Pods/Target Support Files/Pods-YYPlay/Pods-YYPlay.debug.xcconfig"; sourceTree = "<group>"; };
/* End PBXFileReference section */

/* Begin PBXFrameworksBuildPhase section */
		3F7FDF271D4F453D00E04DA1 /* Frameworks */ = {
			isa = PBXFrameworksBuildPhase;
			buildActionMask = 2147483647;
			files = (
				5769DB0E877ED21717F8ACF4 /* libPods-YYPlay.a in Frameworks */,
			);
			runOnlyForDeploymentPostprocessing = 0;
		};
/* End PBXFrameworksBuildPhase section */

/* Begin PBXGroup section */
		3F7FDF211D4F453D00E04DA1 = {
			isa = PBXGroup;
			children = (
				3F7FDF2C1D4F453D00E04DA1 /* YYPlay */,
				3F7FDF2B1D4F453D00E04DA1 /* Products */,
				CD4CDFF1003DAD7053D6BED5 /* Pods */,
				FBD8BB545845D5CB9BFE9E8D /* Frameworks */,
			);
			sourceTree = "<group>";
		};
		3F7FDF2B1D4F453D00E04DA1 /* Products */ = {
			isa = PBXGroup;
			children = (
				3F7FDF2A1D4F453D00E04DA1 /* YYPlay.app */,
			);
			name = Products;
			sourceTree = "<group>";
		};
		3F7FDF2C1D4F453D00E04DA1 /* YYPlay */ = {
			isa = PBXGroup;
			children = (
				3FA8B0CC1D50BE88009AE276 /* Player */,
				3FA8B0C91D503179009AE276 /* Resource */,
				3F7FDF301D4F453D00E04DA1 /* AppDelegate.h */,
				3F7FDF311D4F453D00E04DA1 /* AppDelegate.m */,
				3F7FDF331D4F453D00E04DA1 /* MainViewController.h */,
				3F7FDF341D4F453D00E04DA1 /* MainViewController.m */,
				3FA8B0BC1D4F56B4009AE276 /* SideMenu */,
				3F7FDF3B1D4F453D00E04DA1 /* LaunchScreen.storyboard */,
				3F7FDF3E1D4F453D00E04DA1 /* Info.plist */,
				3F7FDF2D1D4F453D00E04DA1 /* Supporting Files */,
			);
			path = YYPlay;
			sourceTree = "<group>";
		};
		3F7FDF2D1D4F453D00E04DA1 /* Supporting Files */ = {
			isa = PBXGroup;
			children = (
				3F7FDF2E1D4F453D00E04DA1 /* main.m */,
			);
			name = "Supporting Files";
			sourceTree = "<group>";
		};
		3FA8B0BC1D4F56B4009AE276 /* SideMenu */ = {
			isa = PBXGroup;
			children = (
				3FA8B0C01D4F5ABC009AE276 /* DEMOFirstViewController.h */,
				3FA8B0C11D4F5ABC009AE276 /* DEMOFirstViewController.m */,
				3FA8B0C21D4F5ABC009AE276 /* DEMOSecondViewController.h */,
				3FA8B0C31D4F5ABC009AE276 /* DEMOSecondViewController.m */,
				3FA8B0BD1D4F56EB009AE276 /* LeftSideMenuViewController.h */,
				3FA8B0BE1D4F56EB009AE276 /* LeftSideMenuViewController.m */,
				3FA8B0C61D4F5C9A009AE276 /* SideMenuContentViewController.h */,
				3FA8B0C71D4F5C9A009AE276 /* SideMenuContentViewController.m */,
			);
			name = SideMenu;
			sourceTree = "<group>";
		};
		3FA8B0C91D503179009AE276 /* Resource */ = {
			isa = PBXGroup;
			children = (
				3F7FDF391D4F453D00E04DA1 /* Assets.xcassets */,
				3FA8B0CA1D5031A9009AE276 /* Image.xcassets */,
			);
			name = Resource;
			sourceTree = "<group>";
		};
		3FA8B0CC1D50BE88009AE276 /* Player */ = {
			isa = PBXGroup;
			children = (
			);
			name = Player;
			sourceTree = "<group>";
		};
		CD4CDFF1003DAD7053D6BED5 /* Pods */ = {
			isa = PBXGroup;
			children = (
				EA5DEE2B8704D5D84EF2E976 /* Pods-YYPlay.debug.xcconfig */,
				5F82A3027ED7FF9F9B8C711F /* Pods-YYPlay.release.xcconfig */,
			);
			name = Pods;
			sourceTree = "<group>";
		};
		FBD8BB545845D5CB9BFE9E8D /* Frameworks */ = {
			isa = PBXGroup;
			children = (
				4BBF5CF9BBB245B2FC825A1D /* libPods-YYPlay.a */,
			);
			name = Frameworks;
			sourceTree = "<group>";
		};
/* End PBXGroup section */

/* Begin PBXNativeTarget section */
		3F7FDF291D4F453D00E04DA1 /* YYPlay */ = {
			isa = PBXNativeTarget;
			buildConfigurationList = 3F7FDF411D4F453D00E04DA1 /* Build configuration list for PBXNativeTarget "YYPlay" */;
			buildPhases = (
				4DAF6A006B4BBF589173826A /* [CP] Check Pods Manifest.lock */,
				3F7FDF261D4F453D00E04DA1 /* Sources */,
				3F7FDF271D4F453D00E04DA1 /* Frameworks */,
				3F7FDF281D4F453D00E04DA1 /* Resources */,
				28C6C191827A8988FCAEF6B1 /* [CP] Embed Pods Frameworks */,
				4DEC7FF88DAB5FC628CDFEC7 /* [CP] Copy Pods Resources */,
			);
			buildRules = (
			);
			dependencies = (
			);
			name = YYPlay;
			productName = YYPlay;
			productReference = 3F7FDF2A1D4F453D00E04DA1 /* YYPlay.app */;
			productType = "com.apple.product-type.application";
		};
/* End PBXNativeTarget section */

/* Begin PBXProject section */
		3F7FDF221D4F453D00E04DA1 /* Project object */ = {
			isa = PBXProject;
			attributes = {
				LastUpgradeCheck = 0730;
				ORGANIZATIONNAME = MF;
				TargetAttributes = {
					3F7FDF291D4F453D00E04DA1 = {
						CreatedOnToolsVersion = 7.3.1;
						DevelopmentTeam = DD6C2YQSJ9;
					};
				};
			};
			buildConfigurationList = 3F7FDF251D4F453D00E04DA1 /* Build configuration list for PBXProject "YYPlay" */;
			compatibilityVersion = "Xcode 3.2";
			developmentRegion = English;
			hasScannedForEncodings = 0;
			knownRegions = (
				en,
				Base,
			);
			mainGroup = 3F7FDF211D4F453D00E04DA1;
			productRefGroup = 3F7FDF2B1D4F453D00E04DA1 /* Products */;
			projectDirPath = "";
			projectRoot = "";
			targets = (
				3F7FDF291D4F453D00E04DA1 /* YYPlay */,
			);
		};
/* End PBXProject section */

/* Begin PBXResourcesBuildPhase section */
		3F7FDF281D4F453D00E04DA1 /* Resources */ = {
			isa = PBXResourcesBuildPhase;
			buildActionMask = 2147483647;
			files = (
				3F7FDF3D1D4F453D00E04DA1 /* LaunchScreen.storyboard in Resources */,
				3FA8B0CB1D5031A9009AE276 /* Image.xcassets in Resources */,
				3F7FDF3A1D4F453D00E04DA1 /* Assets.xcassets in Resources */,
			);
			runOnlyForDeploymentPostprocessing = 0;
		};
/* End PBXResourcesBuildPhase section */

/* Begin PBXShellScriptBuildPhase section */
		28C6C191827A8988FCAEF6B1 /* [CP] Embed Pods Frameworks */ = {
			isa = PBXShellScriptBuildPhase;
			buildActionMask = 2147483647;
			files = (
			);
			inputPaths = (
			);
			name = "[CP] Embed Pods Frameworks";
			outputPaths = (
			);
			runOnlyForDeploymentPostprocessing = 0;
			shellPath = /bin/sh;
			shellScript = "\"${SRCROOT}/Pods/Target Support Files/Pods-YYPlay/Pods-YYPlay-frameworks.sh\"\n";
			showEnvVarsInLog = 0;
		};
		4DAF6A006B4BBF589173826A /* [CP] Check Pods Manifest.lock */ = {
			isa = PBXShellScriptBuildPhase;
			buildActionMask = 2147483647;
			files = (
			);
			inputPaths = (
			);
			name = "[CP] Check Pods Manifest.lock";
			outputPaths = (
			);
			runOnlyForDeploymentPostprocessing = 0;
			shellPath = /bin/sh;
			shellScript = "diff \"${PODS_ROOT}/../Podfile.lock\" \"${PODS_ROOT}/Manifest.lock\" > /dev/null\nif [ $? != 0 ] ; then\n    # print error to STDERR\n    echo \"error: The sandbox is not in sync with the Podfile.lock. Run 'pod install' or update your CocoaPods installation.\" >&2\n    exit 1\nfi\n";
			showEnvVarsInLog = 0;
		};
		4DEC7FF88DAB5FC628CDFEC7 /* [CP] Copy Pods Resources */ = {
			isa = PBXShellScriptBuildPhase;
			buildActionMask = 2147483647;
			files = (
			);
			inputPaths = (
			);
			name = "[CP] Copy Pods Resources";
			outputPaths = (
			);
			runOnlyForDeploymentPostprocessing = 0;
			shellPath = /bin/sh;
			shellScript = "\"${SRCROOT}/Pods/Target Support Files/Pods-YYPlay/Pods-YYPlay-resources.sh\"\n";
			showEnvVarsInLog = 0;
		};
/* End PBXShellScriptBuildPhase section */

/* Begin PBXSourcesBuildPhase section */
		3F7FDF261D4F453D00E04DA1 /* Sources */ = {
			isa = PBXSourcesBuildPhase;
			buildActionMask = 2147483647;
			files = (
				3F7FDF351D4F453D00E04DA1 /* MainViewController.m in Sources */,
				3FA8B0C81D4F5C9A009AE276 /* SideMenuContentViewController.m in Sources */,
				3F7FDF321D4F453D00E04DA1 /* AppDelegate.m in Sources */,
				3F7FDF2F1D4F453D00E04DA1 /* main.m in Sources */,
				3FA8B0C41D4F5ABC009AE276 /* DEMOFirstViewController.m in Sources */,
				3FA8B0BF1D4F56EB009AE276 /* LeftSideMenuViewController.m in Sources */,
				3FA8B0C51D4F5ABC009AE276 /* DEMOSecondViewController.m in Sources */,
			);
			runOnlyForDeploymentPostprocessing = 0;
		};
/* End PBXSourcesBuildPhase section */

/* Begin PBXVariantGroup section */
		3F7FDF3B1D4F453D00E04DA1 /* LaunchScreen.storyboard */ = {
			isa = PBXVariantGroup;
			children = (
				3F7FDF3C1D4F453D00E04DA1 /* Base */,
			);
			name = LaunchScreen.storyboard;
			sourceTree = "<group>";
		};
/* End PBXVariantGroup section */

/* Begin XCBuildConfiguration section */
		3F7FDF3F1D4F453D00E04DA1 /* Debug */ = {
			isa = XCBuildConfiguration;
			buildSettings = {
				ALWAYS_SEARCH_USER_PATHS = NO;
				CLANG_ANALYZER_NONNULL = YES;
				CLANG_CXX_LANGUAGE_STANDARD = "gnu++0x";
				CLANG_CXX_LIBRARY = "libc++";
				CLANG_ENABLE_MODULES = YES;
				CLANG_ENABLE_OBJC_ARC = YES;
				CLANG_WARN_BOOL_CONVERSION = YES;
				CLANG_WARN_CONSTANT_CONVERSION = YES;
				CLANG_WARN_DIRECT_OBJC_ISA_USAGE = YES_ERROR;
				CLANG_WARN_EMPTY_BODY = YES;
				CLANG_WARN_ENUM_CONVERSION = YES;
				CLANG_WARN_INT_CONVERSION = YES;
				CLANG_WARN_OBJC_ROOT_CLASS = YES_ERROR;
				CLANG_WARN_UNREACHABLE_CODE = YES;
				CLANG_WARN__DUPLICATE_METHOD_MATCH = YES;
				"CODE_SIGN_IDENTITY[sdk=iphoneos*]" = "iPhone Developer";
				COPY_PHASE_STRIP = NO;
				DEBUG_INFORMATION_FORMAT = dwarf;
				ENABLE_STRICT_OBJC_MSGSEND = YES;
				ENABLE_TESTABILITY = YES;
				GCC_C_LANGUAGE_STANDARD = gnu99;
				GCC_DYNAMIC_NO_PIC = NO;
				GCC_NO_COMMON_BLOCKS = YES;
				GCC_OPTIMIZATION_LEVEL = 0;
				GCC_PREPROCESSOR_DEFINITIONS = (
					"DEBUG=1",
					"$(inherited)",
				);
				GCC_WARN_64_TO_32_BIT_CONVERSION = YES;
				GCC_WARN_ABOUT_RETURN_TYPE = YES_ERROR;
				GCC_WARN_UNDECLARED_SELECTOR = YES;
				GCC_WARN_UNINITIALIZED_AUTOS = YES_AGGRESSIVE;
				GCC_WARN_UNUSED_FUNCTION = YES;
				GCC_WARN_UNUSED_VARIABLE = YES;
				IPHONEOS_DEPLOYMENT_TARGET = 9.3;
				MTL_ENABLE_DEBUG_INFO = YES;
				ONLY_ACTIVE_ARCH = YES;
				SDKROOT = iphoneos;
				TARGETED_DEVICE_FAMILY = "1,2";
			};
			name = Debug;
		};
		3F7FDF401D4F453D00E04DA1 /* Release */ = {
			isa = XCBuildConfiguration;
			buildSettings = {
				ALWAYS_SEARCH_USER_PATHS = NO;
				CLANG_ANALYZER_NONNULL = YES;
				CLANG_CXX_LANGUAGE_STANDARD = "gnu++0x";
				CLANG_CXX_LIBRARY = "libc++";
				CLANG_ENABLE_MODULES = YES;
				CLANG_ENABLE_OBJC_ARC = YES;
				CLANG_WARN_BOOL_CONVERSION = YES;
				CLANG_WARN_CONSTANT_CONVERSION = YES;
				CLANG_WARN_DIRECT_OBJC_ISA_USAGE = YES_ERROR;
				CLANG_WARN_EMPTY_BODY = YES;
				CLANG_WARN_ENUM_CONVERSION = YES;
				CLANG_WARN_INT_CONVERSION = YES;
				CLANG_WARN_OBJC_ROOT_CLASS = YES_ERROR;
				CLANG_WARN_UNREACHABLE_CODE = YES;
				CLANG_WARN__DUPLICATE_METHOD_MATCH = YES;
				"CODE_SIGN_IDENTITY[sdk=iphoneos*]" = "iPhone Developer";
				COPY_PHASE_STRIP = NO;
				DEBUG_INFORMATION_FORMAT = "dwarf-with-dsym";
				ENABLE_NS_ASSERTIONS = NO;
				ENABLE_STRICT_OBJC_MSGSEND = YES;
				GCC_C_LANGUAGE_STANDARD = gnu99;
				GCC_NO_COMMON_BLOCKS = YES;
				GCC_WARN_64_TO_32_BIT_CONVERSION = YES;
				GCC_WARN_ABOUT_RETURN_TYPE = YES_ERROR;
				GCC_WARN_UNDECLARED_SELECTOR = YES;
				GCC_WARN_UNINITIALIZED_AUTOS = YES_AGGRESSIVE;
				GCC_WARN_UNUSED_FUNCTION = YES;
				GCC_WARN_UNUSED_VARIABLE = YES;
				IPHONEOS_DEPLOYMENT_TARGET = 9.3;
				MTL_ENABLE_DEBUG_INFO = NO;
				SDKROOT = iphoneos;
				TARGETED_DEVICE_FAMILY = "1,2";
				VALIDATE_PRODUCT = YES;
			};
			name = Release;
		};
		3F7FDF421D4F453D00E04DA1 /* Debug */ = {
			isa = XCBuildConfiguration;
			baseConfigurationReference = EA5DEE2B8704D5D84EF2E976 /* Pods-YYPlay.debug.xcconfig */;
			buildSettings = {
				ASSETCATALOG_COMPILER_APPICON_NAME = AppIcon;
				CODE_SIGN_IDENTITY = "iPhone Developer";
				INFOPLIST_FILE = YYPlay/Info.plist;
				LD_RUNPATH_SEARCH_PATHS = "$(inherited) @executable_path/Frameworks";
				PRODUCT_BUNDLE_IDENTIFIER = com.mayfly.YYPlay;
				PRODUCT_NAME = "$(TARGET_NAME)";
			};
			name = Debug;
		};
		3F7FDF431D4F453D00E04DA1 /* Release */ = {
			isa = XCBuildConfiguration;
			baseConfigurationReference = 5F82A3027ED7FF9F9B8C711F /* Pods-YYPlay.release.xcconfig */;
			buildSettings = {
				ASSETCATALOG_COMPILER_APPICON_NAME = AppIcon;
				CODE_SIGN_IDENTITY = "iPhone Developer";
				INFOPLIST_FILE = YYPlay/Info.plist;
				LD_RUNPATH_SEARCH_PATHS = "$(inherited) @executable_path/Frameworks";
				PRODUCT_BUNDLE_IDENTIFIER = com.mayfly.YYPlay;
				PRODUCT_NAME = "$(TARGET_NAME)";
			};
			name = Release;
		};
/* End XCBuildConfiguration section */

/* Begin XCConfigurationList section */
		3F7FDF251D4F453D00E04DA1 /* Build configuration list for PBXProject "YYPlay" */ = {
			isa = XCConfigurationList;
			buildConfigurations = (
				3F7FDF3F1D4F453D00E04DA1 /* Debug */,
				3F7FDF401D4F453D00E04DA1 /* Release */,
			);
			defaultConfigurationIsVisible = 0;
			defaultConfigurationName = Release;
		};
		3F7FDF411D4F453D00E04DA1 /* Build configuration list for PBXNativeTarget "YYPlay" */ = {
			isa = XCConfigurationList;
			buildConfigurations = (
				3F7FDF421D4F453D00E04DA1 /* Debug */,
				3F7FDF431D4F453D00E04DA1 /* Release */,
			);
			defaultConfigurationIsVisible = 0;
			defaultConfigurationName = Release;
		};
/* End XCConfigurationList section */
	};
	rootObject = 3F7FDF221D4F453D00E04DA1 /* Project object */;
}
