// !$*UTF8*$!
{
	archiveVersion = 1;
	classes = {
	};
	objectVersion = 46;
	objects = {

/* Begin PBXBuildFile section */
		3F04CB161D597D2400FA51F9 /* resource.bundle in Resources */ = {isa = PBXBuildFile; fileRef = 3F04CB151D597D2400FA51F9 /* resource.bundle */; };
		3F04CB191D597D6600FA51F9 /* FFMpegPushStreamViewController.m in Sources */ = {isa = PBXBuildFile; fileRef = 3F04CB181D597D6600FA51F9 /* FFMpegPushStreamViewController.m */; };
		3F24D9251D61CE2100407FF9 /* UIColor+JCAdditions.m in Sources */ = {isa = PBXBuildFile; fileRef = 3F24D9221D61CE2100407FF9 /* UIColor+JCAdditions.m */; };
		3F24D9261D61CE2100407FF9 /* UIFont+JCAdditions.m in Sources */ = {isa = PBXBuildFile; fileRef = 3F24D9241D61CE2100407FF9 /* UIFont+JCAdditions.m */; };
		3F250F5C1D6C472F005720FE /* YYAvplayer.bundle in Resources */ = {isa = PBXBuildFile; fileRef = 3F250F5B1D6C472F005720FE /* YYAvplayer.bundle */; };
		3F31AF181D54722500DF66C8 /* FFMpegDecodeViewController.m in Sources */ = {isa = PBXBuildFile; fileRef = 3F31AF171D54722500DF66C8 /* FFMpegDecodeViewController.m */; };
		3F3424C91D6C4D2F008972BE /* YYAvplayerBrightnessView.m in Sources */ = {isa = PBXBuildFile; fileRef = 3F3424C81D6C4D2F008972BE /* YYAvplayerBrightnessView.m */; };
		3F3424CC1D6D858C008972BE /* ASValuePopUpView.m in Sources */ = {isa = PBXBuildFile; fileRef = 3F3424CB1D6D858C008972BE /* ASValuePopUpView.m */; };
		3F3424CF1D6DAD78008972BE /* ASValueTrackingSlider.m in Sources */ = {isa = PBXBuildFile; fileRef = 3F3424CE1D6DAD78008972BE /* ASValueTrackingSlider.m */; };
		3F3424D21D6FDE6F008972BE /* YYAvplayerControlView.m in Sources */ = {isa = PBXBuildFile; fileRef = 3F3424D11D6FDE6F008972BE /* YYAvplayerControlView.m */; };
		3F3424D51D73DF78008972BE /* YYAvplayerView.m in Sources */ = {isa = PBXBuildFile; fileRef = 3F3424D41D73DF78008972BE /* YYAvplayerView.m */; };
		3F3638BD1D51BDD4007E3ED5 /* YYNavigationController.m in Sources */ = {isa = PBXBuildFile; fileRef = 3F3638BC1D51BDD4007E3ED5 /* YYNavigationController.m */; };
		3F3638C01D51C15A007E3ED5 /* SettingViewController.m in Sources */ = {isa = PBXBuildFile; fileRef = 3F3638BF1D51C15A007E3ED5 /* SettingViewController.m */; };
		3F3638CA1D52E358007E3ED5 /* FFMpegViewController.m in Sources */ = {isa = PBXBuildFile; fileRef = 3F3638C91D52E358007E3ED5 /* FFMpegViewController.m */; };
		3F4B1D1A1D67056700F0EB21 /* IJKMediaFramework.framework in Frameworks */ = {isa = PBXBuildFile; fileRef = 3F4B1D191D67056700F0EB21 /* IJKMediaFramework.framework */; };
		3F4B1D1D1D67063700F0EB21 /* JAVPlayerViewController.m in Sources */ = {isa = PBXBuildFile; fileRef = 3F4B1D1C1D67063700F0EB21 /* JAVPlayerViewController.m */; };
		3F4B1D221D670E6300F0EB21 /* MPPlayerViewController.m in Sources */ = {isa = PBXBuildFile; fileRef = 3F4B1D211D670E6300F0EB21 /* MPPlayerViewController.m */; };
		3F4B1D251D6AA1A800F0EB21 /* SystemAVPlayerViewController.m in Sources */ = {isa = PBXBuildFile; fileRef = 3F4B1D241D6AA1A800F0EB21 /* SystemAVPlayerViewController.m */; };
		3F7FDF2F1D4F453D00E04DA1 /* main.m in Sources */ = {isa = PBXBuildFile; fileRef = 3F7FDF2E1D4F453D00E04DA1 /* main.m */; };
		3F7FDF321D4F453D00E04DA1 /* AppDelegate.m in Sources */ = {isa = PBXBuildFile; fileRef = 3F7FDF311D4F453D00E04DA1 /* AppDelegate.m */; };
		3F7FDF351D4F453D00E04DA1 /* MainViewController.m in Sources */ = {isa = PBXBuildFile; fileRef = 3F7FDF341D4F453D00E04DA1 /* MainViewController.m */; };
		3F7FDF3A1D4F453D00E04DA1 /* Assets.xcassets in Resources */ = {isa = PBXBuildFile; fileRef = 3F7FDF391D4F453D00E04DA1 /* Assets.xcassets */; };
		3F7FDF3D1D4F453D00E04DA1 /* LaunchScreen.storyboard in Resources */ = {isa = PBXBuildFile; fileRef = 3F7FDF3B1D4F453D00E04DA1 /* LaunchScreen.storyboard */; };
		3FA8B0BF1D4F56EB009AE276 /* LeftSideMenuViewController.m in Sources */ = {isa = PBXBuildFile; fileRef = 3FA8B0BE1D4F56EB009AE276 /* LeftSideMenuViewController.m */; };
		3FA8B0C41D4F5ABC009AE276 /* DEMOFirstViewController.m in Sources */ = {isa = PBXBuildFile; fileRef = 3FA8B0C11D4F5ABC009AE276 /* DEMOFirstViewController.m */; };
		3FA8B0C51D4F5ABC009AE276 /* DEMOSecondViewController.m in Sources */ = {isa = PBXBuildFile; fileRef = 3FA8B0C31D4F5ABC009AE276 /* DEMOSecondViewController.m */; };
		3FA8B0C81D4F5C9A009AE276 /* SideMenuContentViewController.m in Sources */ = {isa = PBXBuildFile; fileRef = 3FA8B0C71D4F5C9A009AE276 /* SideMenuContentViewController.m */; };
		3FA8B0CB1D5031A9009AE276 /* Image.xcassets in Resources */ = {isa = PBXBuildFile; fileRef = 3FA8B0CA1D5031A9009AE276 /* Image.xcassets */; };
		3FA8B14D1D50DF5F009AE276 /* CoreMedia.framework in Frameworks */ = {isa = PBXBuildFile; fileRef = 3FA8B14C1D50DF5F009AE276 /* CoreMedia.framework */; };
		3FA8B14F1D50DF69009AE276 /* VideoToolbox.framework in Frameworks */ = {isa = PBXBuildFile; fileRef = 3FA8B14E1D50DF69009AE276 /* VideoToolbox.framework */; };
		3FA8B1511D50DF73009AE276 /* CoreGraphics.framework in Frameworks */ = {isa = PBXBuildFile; fileRef = 3FA8B1501D50DF73009AE276 /* CoreGraphics.framework */; };
		3FA8B1531D50DF80009AE276 /* Foundation.framework in Frameworks */ = {isa = PBXBuildFile; fileRef = 3FA8B1521D50DF80009AE276 /* Foundation.framework */; };
		3FA8B1551D50DF95009AE276 /* libiconv.tbd in Frameworks */ = {isa = PBXBuildFile; fileRef = 3FA8B1541D50DF95009AE276 /* libiconv.tbd */; };
		3FA8B1571D50DF9F009AE276 /* libz.tbd in Frameworks */ = {isa = PBXBuildFile; fileRef = 3FA8B1561D50DF9F009AE276 /* libz.tbd */; };
		3FA8B1591D50DFA8009AE276 /* libbz2.1.0.tbd in Frameworks */ = {isa = PBXBuildFile; fileRef = 3FA8B1581D50DFA8009AE276 /* libbz2.1.0.tbd */; };
		3FA8B15B1D50DFB2009AE276 /* AVFoundation.framework in Frameworks */ = {isa = PBXBuildFile; fileRef = 3FA8B15A1D50DFB2009AE276 /* AVFoundation.framework */; };
		3FA8B15D1D50DFBB009AE276 /* AudioToolbox.framework in Frameworks */ = {isa = PBXBuildFile; fileRef = 3FA8B15C1D50DFBB009AE276 /* AudioToolbox.framework */; };
		3FA8B1601D50E19D009AE276 /* YYPlayer.cpp in Sources */ = {isa = PBXBuildFile; fileRef = 3FA8B15E1D50E19D009AE276 /* YYPlayer.cpp */; };
		3FA8B1D91D50EB8E009AE276 /* libavcodec.a in Frameworks */ = {isa = PBXBuildFile; fileRef = 3FA8B1D21D50EB8E009AE276 /* libavcodec.a */; };
		3FA8B1DB1D50EB8E009AE276 /* libavfilter.a in Frameworks */ = {isa = PBXBuildFile; fileRef = 3FA8B1D41D50EB8E009AE276 /* libavfilter.a */; };
		3FA8B1DC1D50EB8E009AE276 /* libavformat.a in Frameworks */ = {isa = PBXBuildFile; fileRef = 3FA8B1D51D50EB8E009AE276 /* libavformat.a */; };
		3FA8B1DD1D50EB8E009AE276 /* libavutil.a in Frameworks */ = {isa = PBXBuildFile; fileRef = 3FA8B1D61D50EB8E009AE276 /* libavutil.a */; };
		3FA8B1DE1D50EB8E009AE276 /* libswresample.a in Frameworks */ = {isa = PBXBuildFile; fileRef = 3FA8B1D71D50EB8E009AE276 /* libswresample.a */; };
		3FA8B1DF1D50EB8E009AE276 /* libswscale.a in Frameworks */ = {isa = PBXBuildFile; fileRef = 3FA8B1D81D50EB8E009AE276 /* libswscale.a */; };
		3FA8B1E21D50EF4A009AE276 /* YYMiniPlayerView.m in Sources */ = {isa = PBXBuildFile; fileRef = 3FA8B1E11D50EF4A009AE276 /* YYMiniPlayerView.m */; };
		5769DB0E877ED21717F8ACF4 /* libPods-YYPlay.a in Frameworks */ = {isa = PBXBuildFile; fileRef = 4BBF5CF9BBB245B2FC825A1D /* libPods-YYPlay.a */; };
/* End PBXBuildFile section */

/* Begin PBXFileReference section */
		3F04CB151D597D2400FA51F9 /* resource.bundle */ = {isa = PBXFileReference; lastKnownFileType = "wrapper.plug-in"; path = resource.bundle; sourceTree = "<group>"; };
		3F04CB171D597D6600FA51F9 /* FFMpegPushStreamViewController.h */ = {isa = PBXFileReference; fileEncoding = 4; lastKnownFileType = sourcecode.c.h; path = FFMpegPushStreamViewController.h; sourceTree = "<group>"; };
		3F04CB181D597D6600FA51F9 /* FFMpegPushStreamViewController.m */ = {isa = PBXFileReference; fileEncoding = 4; lastKnownFileType = sourcecode.c.objc; path = FFMpegPushStreamViewController.m; sourceTree = "<group>"; };
		3F24D9211D61CE2100407FF9 /* UIColor+JCAdditions.h */ = {isa = PBXFileReference; fileEncoding = 4; lastKnownFileType = sourcecode.c.h; path = "UIColor+JCAdditions.h"; sourceTree = "<group>"; };
		3F24D9221D61CE2100407FF9 /* UIColor+JCAdditions.m */ = {isa = PBXFileReference; fileEncoding = 4; lastKnownFileType = sourcecode.c.objc; path = "UIColor+JCAdditions.m"; sourceTree = "<group>"; };
		3F24D9231D61CE2100407FF9 /* UIFont+JCAdditions.h */ = {isa = PBXFileReference; fileEncoding = 4; lastKnownFileType = sourcecode.c.h; path = "UIFont+JCAdditions.h"; sourceTree = "<group>"; };
		3F24D9241D61CE2100407FF9 /* UIFont+JCAdditions.m */ = {isa = PBXFileReference; fileEncoding = 4; lastKnownFileType = sourcecode.c.objc; path = "UIFont+JCAdditions.m"; sourceTree = "<group>"; };
		3F250F5B1D6C472F005720FE /* YYAvplayer.bundle */ = {isa = PBXFileReference; lastKnownFileType = "wrapper.plug-in"; path = YYAvplayer.bundle; sourceTree = "<group>"; };
		3F31AF161D54722500DF66C8 /* FFMpegDecodeViewController.h */ = {isa = PBXFileReference; fileEncoding = 4; lastKnownFileType = sourcecode.c.h; path = FFMpegDecodeViewController.h; sourceTree = "<group>"; };
		3F31AF171D54722500DF66C8 /* FFMpegDecodeViewController.m */ = {isa = PBXFileReference; fileEncoding = 4; lastKnownFileType = sourcecode.c.objc; path = FFMpegDecodeViewController.m; sourceTree = "<group>"; };
		3F3424C61D6C49B2008972BE /* YYAvplayer.h */ = {isa = PBXFileReference; lastKnownFileType = sourcecode.c.h; path = YYAvplayer.h; sourceTree = "<group>"; };
		3F3424C71D6C4D2F008972BE /* YYAvplayerBrightnessView.h */ = {isa = PBXFileReference; fileEncoding = 4; lastKnownFileType = sourcecode.c.h; path = YYAvplayerBrightnessView.h; sourceTree = "<group>"; };
		3F3424C81D6C4D2F008972BE /* YYAvplayerBrightnessView.m */ = {isa = PBXFileReference; fileEncoding = 4; lastKnownFileType = sourcecode.c.objc; path = YYAvplayerBrightnessView.m; sourceTree = "<group>"; };
		3F3424CA1D6D858C008972BE /* ASValuePopUpView.h */ = {isa = PBXFileReference; fileEncoding = 4; lastKnownFileType = sourcecode.c.h; path = ASValuePopUpView.h; sourceTree = "<group>"; };
		3F3424CB1D6D858C008972BE /* ASValuePopUpView.m */ = {isa = PBXFileReference; fileEncoding = 4; lastKnownFileType = sourcecode.c.objc; path = ASValuePopUpView.m; sourceTree = "<group>"; };
		3F3424CD1D6DAD78008972BE /* ASValueTrackingSlider.h */ = {isa = PBXFileReference; fileEncoding = 4; lastKnownFileType = sourcecode.c.h; path = ASValueTrackingSlider.h; sourceTree = "<group>"; };
		3F3424CE1D6DAD78008972BE /* ASValueTrackingSlider.m */ = {isa = PBXFileReference; fileEncoding = 4; lastKnownFileType = sourcecode.c.objc; path = ASValueTrackingSlider.m; sourceTree = "<group>"; };
		3F3424D01D6FDE6F008972BE /* YYAvplayerControlView.h */ = {isa = PBXFileReference; fileEncoding = 4; lastKnownFileType = sourcecode.c.h; path = YYAvplayerControlView.h; sourceTree = "<group>"; };
		3F3424D11D6FDE6F008972BE /* YYAvplayerControlView.m */ = {isa = PBXFileReference; fileEncoding = 4; lastKnownFileType = sourcecode.c.objc; path = YYAvplayerControlView.m; sourceTree = "<group>"; };
		3F3424D31D73DF78008972BE /* YYAvplayerView.h */ = {isa = PBXFileReference; fileEncoding = 4; lastKnownFileType = sourcecode.c.h; path = YYAvplayerView.h; sourceTree = "<group>"; };
		3F3424D41D73DF78008972BE /* YYAvplayerView.m */ = {isa = PBXFileReference; fileEncoding = 4; lastKnownFileType = sourcecode.c.objc; path = YYAvplayerView.m; sourceTree = "<group>"; };
		3F3638BB1D51BDD4007E3ED5 /* YYNavigationController.h */ = {isa = PBXFileReference; fileEncoding = 4; lastKnownFileType = sourcecode.c.h; path = YYNavigationController.h; sourceTree = "<group>"; };
		3F3638BC1D51BDD4007E3ED5 /* YYNavigationController.m */ = {isa = PBXFileReference; fileEncoding = 4; lastKnownFileType = sourcecode.c.objc; path = YYNavigationController.m; sourceTree = "<group>"; };
		3F3638BE1D51C15A007E3ED5 /* SettingViewController.h */ = {isa = PBXFileReference; fileEncoding = 4; lastKnownFileType = sourcecode.c.h; path = SettingViewController.h; sourceTree = "<group>"; };
		3F3638BF1D51C15A007E3ED5 /* SettingViewController.m */ = {isa = PBXFileReference; fileEncoding = 4; lastKnownFileType = sourcecode.c.objc; path = SettingViewController.m; sourceTree = "<group>"; };
		3F3638C11D51DC61007E3ED5 /* YYPlay.pch */ = {isa = PBXFileReference; lastKnownFileType = sourcecode.c.h; path = YYPlay.pch; sourceTree = "<group>"; };
		3F3638C81D52E357007E3ED5 /* FFMpegViewController.h */ = {isa = PBXFileReference; fileEncoding = 4; lastKnownFileType = sourcecode.c.h; path = FFMpegViewController.h; sourceTree = "<group>"; };
		3F3638C91D52E358007E3ED5 /* FFMpegViewController.m */ = {isa = PBXFileReference; fileEncoding = 4; lastKnownFileType = sourcecode.c.objc; path = FFMpegViewController.m; sourceTree = "<group>"; };
		3F4B1D191D67056700F0EB21 /* IJKMediaFramework.framework */ = {isa = PBXFileReference; lastKnownFileType = wrapper.framework; path = IJKMediaFramework.framework; sourceTree = "<group>"; };
		3F4B1D1B1D67063700F0EB21 /* JAVPlayerViewController.h */ = {isa = PBXFileReference; fileEncoding = 4; lastKnownFileType = sourcecode.c.h; path = JAVPlayerViewController.h; sourceTree = "<group>"; };
		3F4B1D1C1D67063700F0EB21 /* JAVPlayerViewController.m */ = {isa = PBXFileReference; fileEncoding = 4; lastKnownFileType = sourcecode.c.objc; path = JAVPlayerViewController.m; sourceTree = "<group>"; };
		3F4B1D201D670E6300F0EB21 /* MPPlayerViewController.h */ = {isa = PBXFileReference; fileEncoding = 4; lastKnownFileType = sourcecode.c.h; path = MPPlayerViewController.h; sourceTree = "<group>"; };
		3F4B1D211D670E6300F0EB21 /* MPPlayerViewController.m */ = {isa = PBXFileReference; fileEncoding = 4; lastKnownFileType = sourcecode.c.objc; path = MPPlayerViewController.m; sourceTree = "<group>"; };
		3F4B1D231D6AA1A800F0EB21 /* SystemAVPlayerViewController.h */ = {isa = PBXFileReference; fileEncoding = 4; lastKnownFileType = sourcecode.c.h; path = SystemAVPlayerViewController.h; sourceTree = "<group>"; };
		3F4B1D241D6AA1A800F0EB21 /* SystemAVPlayerViewController.m */ = {isa = PBXFileReference; fileEncoding = 4; lastKnownFileType = sourcecode.c.objc; path = SystemAVPlayerViewController.m; sourceTree = "<group>"; };
		3F7FDF2A1D4F453D00E04DA1 /* YYPlay.app */ = {isa = PBXFileReference; explicitFileType = wrapper.application; includeInIndex = 0; path = YYPlay.app; sourceTree = BUILT_PRODUCTS_DIR; };
		3F7FDF2E1D4F453D00E04DA1 /* main.m */ = {isa = PBXFileReference; lastKnownFileType = sourcecode.c.objc; path = main.m; sourceTree = "<group>"; };
		3F7FDF301D4F453D00E04DA1 /* AppDelegate.h */ = {isa = PBXFileReference; lastKnownFileType = sourcecode.c.h; path = AppDelegate.h; sourceTree = "<group>"; };
		3F7FDF311D4F453D00E04DA1 /* AppDelegate.m */ = {isa = PBXFileReference; lastKnownFileType = sourcecode.c.objc; path = AppDelegate.m; sourceTree = "<group>"; };
		3F7FDF331D4F453D00E04DA1 /* MainViewController.h */ = {isa = PBXFileReference; lastKnownFileType = sourcecode.c.h; path = MainViewController.h; sourceTree = "<group>"; };
		3F7FDF341D4F453D00E04DA1 /* MainViewController.m */ = {isa = PBXFileReference; lastKnownFileType = sourcecode.c.objc; path = MainViewController.m; sourceTree = "<group>"; };
		3F7FDF391D4F453D00E04DA1 /* Assets.xcassets */ = {isa = PBXFileReference; lastKnownFileType = folder.assetcatalog; path = Assets.xcassets; sourceTree = "<group>"; };
		3F7FDF3C1D4F453D00E04DA1 /* Base */ = {isa = PBXFileReference; lastKnownFileType = file.storyboard; name = Base; path = Base.lproj/LaunchScreen.storyboard; sourceTree = "<group>"; };
		3F7FDF3E1D4F453D00E04DA1 /* Info.plist */ = {isa = PBXFileReference; lastKnownFileType = text.plist.xml; path = Info.plist; sourceTree = "<group>"; };
		3FA8B0BD1D4F56EB009AE276 /* LeftSideMenuViewController.h */ = {isa = PBXFileReference; fileEncoding = 4; lastKnownFileType = sourcecode.c.h; path = LeftSideMenuViewController.h; sourceTree = "<group>"; };
		3FA8B0BE1D4F56EB009AE276 /* LeftSideMenuViewController.m */ = {isa = PBXFileReference; fileEncoding = 4; lastKnownFileType = sourcecode.c.objc; path = LeftSideMenuViewController.m; sourceTree = "<group>"; };
		3FA8B0C01D4F5ABC009AE276 /* DEMOFirstViewController.h */ = {isa = PBXFileReference; fileEncoding = 4; lastKnownFileType = sourcecode.c.h; path = DEMOFirstViewController.h; sourceTree = "<group>"; };
		3FA8B0C11D4F5ABC009AE276 /* DEMOFirstViewController.m */ = {isa = PBXFileReference; fileEncoding = 4; lastKnownFileType = sourcecode.c.objc; path = DEMOFirstViewController.m; sourceTree = "<group>"; };
		3FA8B0C21D4F5ABC009AE276 /* DEMOSecondViewController.h */ = {isa = PBXFileReference; fileEncoding = 4; lastKnownFileType = sourcecode.c.h; path = DEMOSecondViewController.h; sourceTree = "<group>"; };
		3FA8B0C31D4F5ABC009AE276 /* DEMOSecondViewController.m */ = {isa = PBXFileReference; fileEncoding = 4; lastKnownFileType = sourcecode.c.objc; path = DEMOSecondViewController.m; sourceTree = "<group>"; };
		3FA8B0C61D4F5C9A009AE276 /* SideMenuContentViewController.h */ = {isa = PBXFileReference; fileEncoding = 4; lastKnownFileType = sourcecode.c.h; path = SideMenuContentViewController.h; sourceTree = "<group>"; };
		3FA8B0C71D4F5C9A009AE276 /* SideMenuContentViewController.m */ = {isa = PBXFileReference; fileEncoding = 4; lastKnownFileType = sourcecode.c.objc; path = SideMenuContentViewController.m; sourceTree = "<group>"; };
		3FA8B0CA1D5031A9009AE276 /* Image.xcassets */ = {isa = PBXFileReference; lastKnownFileType = folder.assetcatalog; path = Image.xcassets; sourceTree = "<group>"; };
		3FA8B14C1D50DF5F009AE276 /* CoreMedia.framework */ = {isa = PBXFileReference; lastKnownFileType = wrapper.framework; name = CoreMedia.framework; path = System/Library/Frameworks/CoreMedia.framework; sourceTree = SDKROOT; };
		3FA8B14E1D50DF69009AE276 /* VideoToolbox.framework */ = {isa = PBXFileReference; lastKnownFileType = wrapper.framework; name = VideoToolbox.framework; path = System/Library/Frameworks/VideoToolbox.framework; sourceTree = SDKROOT; };
		3FA8B1501D50DF73009AE276 /* CoreGraphics.framework */ = {isa = PBXFileReference; lastKnownFileType = wrapper.framework; name = CoreGraphics.framework; path = System/Library/Frameworks/CoreGraphics.framework; sourceTree = SDKROOT; };
		3FA8B1521D50DF80009AE276 /* Foundation.framework */ = {isa = PBXFileReference; lastKnownFileType = wrapper.framework; name = Foundation.framework; path = System/Library/Frameworks/Foundation.framework; sourceTree = SDKROOT; };
		3FA8B1541D50DF95009AE276 /* libiconv.tbd */ = {isa = PBXFileReference; lastKnownFileType = "sourcecode.text-based-dylib-definition"; name = libiconv.tbd; path = usr/lib/libiconv.tbd; sourceTree = SDKROOT; };
		3FA8B1561D50DF9F009AE276 /* libz.tbd */ = {isa = PBXFileReference; lastKnownFileType = "sourcecode.text-based-dylib-definition"; name = libz.tbd; path = usr/lib/libz.tbd; sourceTree = SDKROOT; };
		3FA8B1581D50DFA8009AE276 /* libbz2.1.0.tbd */ = {isa = PBXFileReference; lastKnownFileType = "sourcecode.text-based-dylib-definition"; name = libbz2.1.0.tbd; path = usr/lib/libbz2.1.0.tbd; sourceTree = SDKROOT; };
		3FA8B15A1D50DFB2009AE276 /* AVFoundation.framework */ = {isa = PBXFileReference; lastKnownFileType = wrapper.framework; name = AVFoundation.framework; path = System/Library/Frameworks/AVFoundation.framework; sourceTree = SDKROOT; };
		3FA8B15C1D50DFBB009AE276 /* AudioToolbox.framework */ = {isa = PBXFileReference; lastKnownFileType = wrapper.framework; name = AudioToolbox.framework; path = System/Library/Frameworks/AudioToolbox.framework; sourceTree = SDKROOT; };
		3FA8B15E1D50E19D009AE276 /* YYPlayer.cpp */ = {isa = PBXFileReference; fileEncoding = 4; lastKnownFileType = sourcecode.cpp.cpp; path = YYPlayer.cpp; sourceTree = "<group>"; };
		3FA8B15F1D50E19D009AE276 /* YYPlayer.h */ = {isa = PBXFileReference; fileEncoding = 4; lastKnownFileType = sourcecode.c.h; path = YYPlayer.h; sourceTree = "<group>"; };
		3FA8B1641D50EB8E009AE276 /* avcodec.h */ = {isa = PBXFileReference; fileEncoding = 4; lastKnownFileType = sourcecode.c.h; path = avcodec.h; sourceTree = "<group>"; };
		3FA8B1651D50EB8E009AE276 /* avdct.h */ = {isa = PBXFileReference; fileEncoding = 4; lastKnownFileType = sourcecode.c.h; path = avdct.h; sourceTree = "<group>"; };
		3FA8B1661D50EB8E009AE276 /* avfft.h */ = {isa = PBXFileReference; fileEncoding = 4; lastKnownFileType = sourcecode.c.h; path = avfft.h; sourceTree = "<group>"; };
		3FA8B1671D50EB8E009AE276 /* d3d11va.h */ = {isa = PBXFileReference; fileEncoding = 4; lastKnownFileType = sourcecode.c.h; path = d3d11va.h; sourceTree = "<group>"; };
		3FA8B1681D50EB8E009AE276 /* dirac.h */ = {isa = PBXFileReference; fileEncoding = 4; lastKnownFileType = sourcecode.c.h; path = dirac.h; sourceTree = "<group>"; };
		3FA8B1691D50EB8E009AE276 /* dv_profile.h */ = {isa = PBXFileReference; fileEncoding = 4; lastKnownFileType = sourcecode.c.h; path = dv_profile.h; sourceTree = "<group>"; };
		3FA8B16A1D50EB8E009AE276 /* dxva2.h */ = {isa = PBXFileReference; fileEncoding = 4; lastKnownFileType = sourcecode.c.h; path = dxva2.h; sourceTree = "<group>"; };
		3FA8B16B1D50EB8E009AE276 /* jni.h */ = {isa = PBXFileReference; fileEncoding = 4; lastKnownFileType = sourcecode.c.h; path = jni.h; sourceTree = "<group>"; };
		3FA8B16C1D50EB8E009AE276 /* qsv.h */ = {isa = PBXFileReference; fileEncoding = 4; lastKnownFileType = sourcecode.c.h; path = qsv.h; sourceTree = "<group>"; };
		3FA8B16D1D50EB8E009AE276 /* vaapi.h */ = {isa = PBXFileReference; fileEncoding = 4; lastKnownFileType = sourcecode.c.h; path = vaapi.h; sourceTree = "<group>"; };
		3FA8B16E1D50EB8E009AE276 /* vda.h */ = {isa = PBXFileReference; fileEncoding = 4; lastKnownFileType = sourcecode.c.h; path = vda.h; sourceTree = "<group>"; };
		3FA8B16F1D50EB8E009AE276 /* vdpau.h */ = {isa = PBXFileReference; fileEncoding = 4; lastKnownFileType = sourcecode.c.h; path = vdpau.h; sourceTree = "<group>"; };
		3FA8B1701D50EB8E009AE276 /* version.h */ = {isa = PBXFileReference; fileEncoding = 4; lastKnownFileType = sourcecode.c.h; path = version.h; sourceTree = "<group>"; };
		3FA8B1711D50EB8E009AE276 /* videotoolbox.h */ = {isa = PBXFileReference; fileEncoding = 4; lastKnownFileType = sourcecode.c.h; path = videotoolbox.h; sourceTree = "<group>"; };
		3FA8B1721D50EB8E009AE276 /* vorbis_parser.h */ = {isa = PBXFileReference; fileEncoding = 4; lastKnownFileType = sourcecode.c.h; path = vorbis_parser.h; sourceTree = "<group>"; };
		3FA8B1731D50EB8E009AE276 /* xvmc.h */ = {isa = PBXFileReference; fileEncoding = 4; lastKnownFileType = sourcecode.c.h; path = xvmc.h; sourceTree = "<group>"; };
		3FA8B1781D50EB8E009AE276 /* avfilter.h */ = {isa = PBXFileReference; fileEncoding = 4; lastKnownFileType = sourcecode.c.h; path = avfilter.h; sourceTree = "<group>"; };
		3FA8B1791D50EB8E009AE276 /* avfiltergraph.h */ = {isa = PBXFileReference; fileEncoding = 4; lastKnownFileType = sourcecode.c.h; path = avfiltergraph.h; sourceTree = "<group>"; };
		3FA8B17A1D50EB8E009AE276 /* buffersink.h */ = {isa = PBXFileReference; fileEncoding = 4; lastKnownFileType = sourcecode.c.h; path = buffersink.h; sourceTree = "<group>"; };
		3FA8B17B1D50EB8E009AE276 /* buffersrc.h */ = {isa = PBXFileReference; fileEncoding = 4; lastKnownFileType = sourcecode.c.h; path = buffersrc.h; sourceTree = "<group>"; };
		3FA8B17C1D50EB8E009AE276 /* version.h */ = {isa = PBXFileReference; fileEncoding = 4; lastKnownFileType = sourcecode.c.h; path = version.h; sourceTree = "<group>"; };
		3FA8B17E1D50EB8E009AE276 /* avformat.h */ = {isa = PBXFileReference; fileEncoding = 4; lastKnownFileType = sourcecode.c.h; path = avformat.h; sourceTree = "<group>"; };
		3FA8B17F1D50EB8E009AE276 /* avio.h */ = {isa = PBXFileReference; fileEncoding = 4; lastKnownFileType = sourcecode.c.h; path = avio.h; sourceTree = "<group>"; };
		3FA8B1801D50EB8E009AE276 /* version.h */ = {isa = PBXFileReference; fileEncoding = 4; lastKnownFileType = sourcecode.c.h; path = version.h; sourceTree = "<group>"; };
		3FA8B1821D50EB8E009AE276 /* adler32.h */ = {isa = PBXFileReference; fileEncoding = 4; lastKnownFileType = sourcecode.c.h; path = adler32.h; sourceTree = "<group>"; };
		3FA8B1831D50EB8E009AE276 /* aes.h */ = {isa = PBXFileReference; fileEncoding = 4; lastKnownFileType = sourcecode.c.h; path = aes.h; sourceTree = "<group>"; };
		3FA8B1841D50EB8E009AE276 /* aes_ctr.h */ = {isa = PBXFileReference; fileEncoding = 4; lastKnownFileType = sourcecode.c.h; path = aes_ctr.h; sourceTree = "<group>"; };
		3FA8B1851D50EB8E009AE276 /* attributes.h */ = {isa = PBXFileReference; fileEncoding = 4; lastKnownFileType = sourcecode.c.h; path = attributes.h; sourceTree = "<group>"; };
		3FA8B1861D50EB8E009AE276 /* audio_fifo.h */ = {isa = PBXFileReference; fileEncoding = 4; lastKnownFileType = sourcecode.c.h; path = audio_fifo.h; sourceTree = "<group>"; };
		3FA8B1871D50EB8E009AE276 /* avassert.h */ = {isa = PBXFileReference; fileEncoding = 4; lastKnownFileType = sourcecode.c.h; path = avassert.h; sourceTree = "<group>"; };
		3FA8B1881D50EB8E009AE276 /* avconfig.h */ = {isa = PBXFileReference; fileEncoding = 4; lastKnownFileType = sourcecode.c.h; path = avconfig.h; sourceTree = "<group>"; };
		3FA8B1891D50EB8E009AE276 /* avstring.h */ = {isa = PBXFileReference; fileEncoding = 4; lastKnownFileType = sourcecode.c.h; path = avstring.h; sourceTree = "<group>"; };
		3FA8B18A1D50EB8E009AE276 /* avutil.h */ = {isa = PBXFileReference; fileEncoding = 4; lastKnownFileType = sourcecode.c.h; path = avutil.h; sourceTree = "<group>"; };
		3FA8B18B1D50EB8E009AE276 /* base64.h */ = {isa = PBXFileReference; fileEncoding = 4; lastKnownFileType = sourcecode.c.h; path = base64.h; sourceTree = "<group>"; };
		3FA8B18C1D50EB8E009AE276 /* blowfish.h */ = {isa = PBXFileReference; fileEncoding = 4; lastKnownFileType = sourcecode.c.h; path = blowfish.h; sourceTree = "<group>"; };
		3FA8B18D1D50EB8E009AE276 /* bprint.h */ = {isa = PBXFileReference; fileEncoding = 4; lastKnownFileType = sourcecode.c.h; path = bprint.h; sourceTree = "<group>"; };
		3FA8B18E1D50EB8E009AE276 /* bswap.h */ = {isa = PBXFileReference; fileEncoding = 4; lastKnownFileType = sourcecode.c.h; path = bswap.h; sourceTree = "<group>"; };
		3FA8B18F1D50EB8E009AE276 /* buffer.h */ = {isa = PBXFileReference; fileEncoding = 4; lastKnownFileType = sourcecode.c.h; path = buffer.h; sourceTree = "<group>"; };
		3FA8B1901D50EB8E009AE276 /* camellia.h */ = {isa = PBXFileReference; fileEncoding = 4; lastKnownFileType = sourcecode.c.h; path = camellia.h; sourceTree = "<group>"; };
		3FA8B1911D50EB8E009AE276 /* cast5.h */ = {isa = PBXFileReference; fileEncoding = 4; lastKnownFileType = sourcecode.c.h; path = cast5.h; sourceTree = "<group>"; };
		3FA8B1921D50EB8E009AE276 /* channel_layout.h */ = {isa = PBXFileReference; fileEncoding = 4; lastKnownFileType = sourcecode.c.h; path = channel_layout.h; sourceTree = "<group>"; };
		3FA8B1931D50EB8E009AE276 /* common.h */ = {isa = PBXFileReference; fileEncoding = 4; lastKnownFileType = sourcecode.c.h; path = common.h; sourceTree = "<group>"; };
		3FA8B1941D50EB8E009AE276 /* cpu.h */ = {isa = PBXFileReference; fileEncoding = 4; lastKnownFileType = sourcecode.c.h; path = cpu.h; sourceTree = "<group>"; };
		3FA8B1951D50EB8E009AE276 /* crc.h */ = {isa = PBXFileReference; fileEncoding = 4; lastKnownFileType = sourcecode.c.h; path = crc.h; sourceTree = "<group>"; };
		3FA8B1961D50EB8E009AE276 /* des.h */ = {isa = PBXFileReference; fileEncoding = 4; lastKnownFileType = sourcecode.c.h; path = des.h; sourceTree = "<group>"; };
		3FA8B1971D50EB8E009AE276 /* dict.h */ = {isa = PBXFileReference; fileEncoding = 4; lastKnownFileType = sourcecode.c.h; path = dict.h; sourceTree = "<group>"; };
		3FA8B1981D50EB8E009AE276 /* display.h */ = {isa = PBXFileReference; fileEncoding = 4; lastKnownFileType = sourcecode.c.h; path = display.h; sourceTree = "<group>"; };
		3FA8B1991D50EB8E009AE276 /* downmix_info.h */ = {isa = PBXFileReference; fileEncoding = 4; lastKnownFileType = sourcecode.c.h; path = downmix_info.h; sourceTree = "<group>"; };
		3FA8B19A1D50EB8E009AE276 /* error.h */ = {isa = PBXFileReference; fileEncoding = 4; lastKnownFileType = sourcecode.c.h; path = error.h; sourceTree = "<group>"; };
		3FA8B19B1D50EB8E009AE276 /* eval.h */ = {isa = PBXFileReference; fileEncoding = 4; lastKnownFileType = sourcecode.c.h; path = eval.h; sourceTree = "<group>"; };
		3FA8B19C1D50EB8E009AE276 /* ffversion.h */ = {isa = PBXFileReference; fileEncoding = 4; lastKnownFileType = sourcecode.c.h; path = ffversion.h; sourceTree = "<group>"; };
		3FA8B19D1D50EB8E009AE276 /* fifo.h */ = {isa = PBXFileReference; fileEncoding = 4; lastKnownFileType = sourcecode.c.h; path = fifo.h; sourceTree = "<group>"; };
		3FA8B19E1D50EB8E009AE276 /* file.h */ = {isa = PBXFileReference; fileEncoding = 4; lastKnownFileType = sourcecode.c.h; path = file.h; sourceTree = "<group>"; };
		3FA8B19F1D50EB8E009AE276 /* frame.h */ = {isa = PBXFileReference; fileEncoding = 4; lastKnownFileType = sourcecode.c.h; path = frame.h; sourceTree = "<group>"; };
		3FA8B1A01D50EB8E009AE276 /* hash.h */ = {isa = PBXFileReference; fileEncoding = 4; lastKnownFileType = sourcecode.c.h; path = hash.h; sourceTree = "<group>"; };
		3FA8B1A11D50EB8E009AE276 /* hmac.h */ = {isa = PBXFileReference; fileEncoding = 4; lastKnownFileType = sourcecode.c.h; path = hmac.h; sourceTree = "<group>"; };
		3FA8B1A21D50EB8E009AE276 /* hwcontext.h */ = {isa = PBXFileReference; fileEncoding = 4; lastKnownFileType = sourcecode.c.h; path = hwcontext.h; sourceTree = "<group>"; };
		3FA8B1A31D50EB8E009AE276 /* hwcontext_cuda.h */ = {isa = PBXFileReference; fileEncoding = 4; lastKnownFileType = sourcecode.c.h; path = hwcontext_cuda.h; sourceTree = "<group>"; };
		3FA8B1A41D50EB8E009AE276 /* hwcontext_dxva2.h */ = {isa = PBXFileReference; fileEncoding = 4; lastKnownFileType = sourcecode.c.h; path = hwcontext_dxva2.h; sourceTree = "<group>"; };
		3FA8B1A51D50EB8E009AE276 /* hwcontext_vaapi.h */ = {isa = PBXFileReference; fileEncoding = 4; lastKnownFileType = sourcecode.c.h; path = hwcontext_vaapi.h; sourceTree = "<group>"; };
		3FA8B1A61D50EB8E009AE276 /* hwcontext_vdpau.h */ = {isa = PBXFileReference; fileEncoding = 4; lastKnownFileType = sourcecode.c.h; path = hwcontext_vdpau.h; sourceTree = "<group>"; };
		3FA8B1A71D50EB8E009AE276 /* imgutils.h */ = {isa = PBXFileReference; fileEncoding = 4; lastKnownFileType = sourcecode.c.h; path = imgutils.h; sourceTree = "<group>"; };
		3FA8B1A81D50EB8E009AE276 /* intfloat.h */ = {isa = PBXFileReference; fileEncoding = 4; lastKnownFileType = sourcecode.c.h; path = intfloat.h; sourceTree = "<group>"; };
		3FA8B1A91D50EB8E009AE276 /* intreadwrite.h */ = {isa = PBXFileReference; fileEncoding = 4; lastKnownFileType = sourcecode.c.h; path = intreadwrite.h; sourceTree = "<group>"; };
		3FA8B1AA1D50EB8E009AE276 /* lfg.h */ = {isa = PBXFileReference; fileEncoding = 4; lastKnownFileType = sourcecode.c.h; path = lfg.h; sourceTree = "<group>"; };
		3FA8B1AB1D50EB8E009AE276 /* log.h */ = {isa = PBXFileReference; fileEncoding = 4; lastKnownFileType = sourcecode.c.h; path = log.h; sourceTree = "<group>"; };
		3FA8B1AC1D50EB8E009AE276 /* lzo.h */ = {isa = PBXFileReference; fileEncoding = 4; lastKnownFileType = sourcecode.c.h; path = lzo.h; sourceTree = "<group>"; };
		3FA8B1AD1D50EB8E009AE276 /* macros.h */ = {isa = PBXFileReference; fileEncoding = 4; lastKnownFileType = sourcecode.c.h; path = macros.h; sourceTree = "<group>"; };
		3FA8B1AE1D50EB8E009AE276 /* mastering_display_metadata.h */ = {isa = PBXFileReference; fileEncoding = 4; lastKnownFileType = sourcecode.c.h; path = mastering_display_metadata.h; sourceTree = "<group>"; };
		3FA8B1AF1D50EB8E009AE276 /* mathematics.h */ = {isa = PBXFileReference; fileEncoding = 4; lastKnownFileType = sourcecode.c.h; path = mathematics.h; sourceTree = "<group>"; };
		3FA8B1B01D50EB8E009AE276 /* md5.h */ = {isa = PBXFileReference; fileEncoding = 4; lastKnownFileType = sourcecode.c.h; path = md5.h; sourceTree = "<group>"; };
		3FA8B1B11D50EB8E009AE276 /* mem.h */ = {isa = PBXFileReference; fileEncoding = 4; lastKnownFileType = sourcecode.c.h; path = mem.h; sourceTree = "<group>"; };
		3FA8B1B21D50EB8E009AE276 /* motion_vector.h */ = {isa = PBXFileReference; fileEncoding = 4; lastKnownFileType = sourcecode.c.h; path = motion_vector.h; sourceTree = "<group>"; };
		3FA8B1B31D50EB8E009AE276 /* murmur3.h */ = {isa = PBXFileReference; fileEncoding = 4; lastKnownFileType = sourcecode.c.h; path = murmur3.h; sourceTree = "<group>"; };
		3FA8B1B41D50EB8E009AE276 /* opt.h */ = {isa = PBXFileReference; fileEncoding = 4; lastKnownFileType = sourcecode.c.h; path = opt.h; sourceTree = "<group>"; };
		3FA8B1B51D50EB8E009AE276 /* parseutils.h */ = {isa = PBXFileReference; fileEncoding = 4; lastKnownFileType = sourcecode.c.h; path = parseutils.h; sourceTree = "<group>"; };
		3FA8B1B61D50EB8E009AE276 /* pixdesc.h */ = {isa = PBXFileReference; fileEncoding = 4; lastKnownFileType = sourcecode.c.h; path = pixdesc.h; sourceTree = "<group>"; };
		3FA8B1B71D50EB8E009AE276 /* pixelutils.h */ = {isa = PBXFileReference; fileEncoding = 4; lastKnownFileType = sourcecode.c.h; path = pixelutils.h; sourceTree = "<group>"; };
		3FA8B1B81D50EB8E009AE276 /* pixfmt.h */ = {isa = PBXFileReference; fileEncoding = 4; lastKnownFileType = sourcecode.c.h; path = pixfmt.h; sourceTree = "<group>"; };
		3FA8B1B91D50EB8E009AE276 /* random_seed.h */ = {isa = PBXFileReference; fileEncoding = 4; lastKnownFileType = sourcecode.c.h; path = random_seed.h; sourceTree = "<group>"; };
		3FA8B1BA1D50EB8E009AE276 /* rational.h */ = {isa = PBXFileReference; fileEncoding = 4; lastKnownFileType = sourcecode.c.h; path = rational.h; sourceTree = "<group>"; };
		3FA8B1BB1D50EB8E009AE276 /* rc4.h */ = {isa = PBXFileReference; fileEncoding = 4; lastKnownFileType = sourcecode.c.h; path = rc4.h; sourceTree = "<group>"; };
		3FA8B1BC1D50EB8E009AE276 /* replaygain.h */ = {isa = PBXFileReference; fileEncoding = 4; lastKnownFileType = sourcecode.c.h; path = replaygain.h; sourceTree = "<group>"; };
		3FA8B1BD1D50EB8E009AE276 /* ripemd.h */ = {isa = PBXFileReference; fileEncoding = 4; lastKnownFileType = sourcecode.c.h; path = ripemd.h; sourceTree = "<group>"; };
		3FA8B1BE1D50EB8E009AE276 /* samplefmt.h */ = {isa = PBXFileReference; fileEncoding = 4; lastKnownFileType = sourcecode.c.h; path = samplefmt.h; sourceTree = "<group>"; };
		3FA8B1BF1D50EB8E009AE276 /* sha.h */ = {isa = PBXFileReference; fileEncoding = 4; lastKnownFileType = sourcecode.c.h; path = sha.h; sourceTree = "<group>"; };
		3FA8B1C01D50EB8E009AE276 /* sha512.h */ = {isa = PBXFileReference; fileEncoding = 4; lastKnownFileType = sourcecode.c.h; path = sha512.h; sourceTree = "<group>"; };
		3FA8B1C11D50EB8E009AE276 /* stereo3d.h */ = {isa = PBXFileReference; fileEncoding = 4; lastKnownFileType = sourcecode.c.h; path = stereo3d.h; sourceTree = "<group>"; };
		3FA8B1C21D50EB8E009AE276 /* tea.h */ = {isa = PBXFileReference; fileEncoding = 4; lastKnownFileType = sourcecode.c.h; path = tea.h; sourceTree = "<group>"; };
		3FA8B1C31D50EB8E009AE276 /* threadmessage.h */ = {isa = PBXFileReference; fileEncoding = 4; lastKnownFileType = sourcecode.c.h; path = threadmessage.h; sourceTree = "<group>"; };
		3FA8B1C41D50EB8E009AE276 /* time.h */ = {isa = PBXFileReference; fileEncoding = 4; lastKnownFileType = sourcecode.c.h; path = time.h; sourceTree = "<group>"; };
		3FA8B1C51D50EB8E009AE276 /* timecode.h */ = {isa = PBXFileReference; fileEncoding = 4; lastKnownFileType = sourcecode.c.h; path = timecode.h; sourceTree = "<group>"; };
		3FA8B1C61D50EB8E009AE276 /* timestamp.h */ = {isa = PBXFileReference; fileEncoding = 4; lastKnownFileType = sourcecode.c.h; path = timestamp.h; sourceTree = "<group>"; };
		3FA8B1C71D50EB8E009AE276 /* tree.h */ = {isa = PBXFileReference; fileEncoding = 4; lastKnownFileType = sourcecode.c.h; path = tree.h; sourceTree = "<group>"; };
		3FA8B1C81D50EB8E009AE276 /* twofish.h */ = {isa = PBXFileReference; fileEncoding = 4; lastKnownFileType = sourcecode.c.h; path = twofish.h; sourceTree = "<group>"; };
		3FA8B1C91D50EB8E009AE276 /* version.h */ = {isa = PBXFileReference; fileEncoding = 4; lastKnownFileType = sourcecode.c.h; path = version.h; sourceTree = "<group>"; };
		3FA8B1CA1D50EB8E009AE276 /* xtea.h */ = {isa = PBXFileReference; fileEncoding = 4; lastKnownFileType = sourcecode.c.h; path = xtea.h; sourceTree = "<group>"; };
		3FA8B1CC1D50EB8E009AE276 /* swresample.h */ = {isa = PBXFileReference; fileEncoding = 4; lastKnownFileType = sourcecode.c.h; path = swresample.h; sourceTree = "<group>"; };
		3FA8B1CD1D50EB8E009AE276 /* version.h */ = {isa = PBXFileReference; fileEncoding = 4; lastKnownFileType = sourcecode.c.h; path = version.h; sourceTree = "<group>"; };
		3FA8B1CF1D50EB8E009AE276 /* swscale.h */ = {isa = PBXFileReference; fileEncoding = 4; lastKnownFileType = sourcecode.c.h; path = swscale.h; sourceTree = "<group>"; };
		3FA8B1D01D50EB8E009AE276 /* version.h */ = {isa = PBXFileReference; fileEncoding = 4; lastKnownFileType = sourcecode.c.h; path = version.h; sourceTree = "<group>"; };
		3FA8B1D21D50EB8E009AE276 /* libavcodec.a */ = {isa = PBXFileReference; lastKnownFileType = archive.ar; path = libavcodec.a; sourceTree = "<group>"; };
		3FA8B1D41D50EB8E009AE276 /* libavfilter.a */ = {isa = PBXFileReference; lastKnownFileType = archive.ar; path = libavfilter.a; sourceTree = "<group>"; };
		3FA8B1D51D50EB8E009AE276 /* libavformat.a */ = {isa = PBXFileReference; lastKnownFileType = archive.ar; path = libavformat.a; sourceTree = "<group>"; };
		3FA8B1D61D50EB8E009AE276 /* libavutil.a */ = {isa = PBXFileReference; lastKnownFileType = archive.ar; path = libavutil.a; sourceTree = "<group>"; };
		3FA8B1D71D50EB8E009AE276 /* libswresample.a */ = {isa = PBXFileReference; lastKnownFileType = archive.ar; path = libswresample.a; sourceTree = "<group>"; };
		3FA8B1D81D50EB8E009AE276 /* libswscale.a */ = {isa = PBXFileReference; lastKnownFileType = archive.ar; path = libswscale.a; sourceTree = "<group>"; };
		3FA8B1E01D50EF4A009AE276 /* YYMiniPlayerView.h */ = {isa = PBXFileReference; fileEncoding = 4; lastKnownFileType = sourcecode.c.h; path = YYMiniPlayerView.h; sourceTree = "<group>"; };
		3FA8B1E11D50EF4A009AE276 /* YYMiniPlayerView.m */ = {isa = PBXFileReference; fileEncoding = 4; lastKnownFileType = sourcecode.c.objc; path = YYMiniPlayerView.m; sourceTree = "<group>"; };
		4BBF5CF9BBB245B2FC825A1D /* libPods-YYPlay.a */ = {isa = PBXFileReference; explicitFileType = archive.ar; includeInIndex = 0; path = "libPods-YYPlay.a"; sourceTree = BUILT_PRODUCTS_DIR; };
		5F82A3027ED7FF9F9B8C711F /* Pods-YYPlay.release.xcconfig */ = {isa = PBXFileReference; includeInIndex = 1; lastKnownFileType = text.xcconfig; name = "Pods-YYPlay.release.xcconfig"; path = "Pods/Target Support Files/Pods-YYPlay/Pods-YYPlay.release.xcconfig"; sourceTree = "<group>"; };
		EA5DEE2B8704D5D84EF2E976 /* Pods-YYPlay.debug.xcconfig */ = {isa = PBXFileReference; includeInIndex = 1; lastKnownFileType = text.xcconfig; name = "Pods-YYPlay.debug.xcconfig"; path = "Pods/Target Support Files/Pods-YYPlay/Pods-YYPlay.debug.xcconfig"; sourceTree = "<group>"; };
/* End PBXFileReference section */

/* Begin PBXFrameworksBuildPhase section */
		3F7FDF271D4F453D00E04DA1 /* Frameworks */ = {
			isa = PBXFrameworksBuildPhase;
			buildActionMask = 2147483647;
			files = (
				3FA8B1DD1D50EB8E009AE276 /* libavutil.a in Frameworks */,
				3FA8B15D1D50DFBB009AE276 /* AudioToolbox.framework in Frameworks */,
				3FA8B15B1D50DFB2009AE276 /* AVFoundation.framework in Frameworks */,
				3FA8B1DB1D50EB8E009AE276 /* libavfilter.a in Frameworks */,
				3FA8B1591D50DFA8009AE276 /* libbz2.1.0.tbd in Frameworks */,
				3FA8B1571D50DF9F009AE276 /* libz.tbd in Frameworks */,
				3FA8B1551D50DF95009AE276 /* libiconv.tbd in Frameworks */,
				3FA8B1531D50DF80009AE276 /* Foundation.framework in Frameworks */,
				3FA8B1DE1D50EB8E009AE276 /* libswresample.a in Frameworks */,
				3FA8B1511D50DF73009AE276 /* CoreGraphics.framework in Frameworks */,
				3FA8B14F1D50DF69009AE276 /* VideoToolbox.framework in Frameworks */,
				3FA8B1DC1D50EB8E009AE276 /* libavformat.a in Frameworks */,
				3FA8B1DF1D50EB8E009AE276 /* libswscale.a in Frameworks */,
				3FA8B1D91D50EB8E009AE276 /* libavcodec.a in Frameworks */,
				3FA8B14D1D50DF5F009AE276 /* CoreMedia.framework in Frameworks */,
				3F4B1D1A1D67056700F0EB21 /* IJKMediaFramework.framework in Frameworks */,
				5769DB0E877ED21717F8ACF4 /* libPods-YYPlay.a in Frameworks */,
			);
			runOnlyForDeploymentPostprocessing = 0;
		};
/* End PBXFrameworksBuildPhase section */

/* Begin PBXGroup section */
		3F250F5A1D6C46F5005720FE /* YYAvplayer */ = {
			isa = PBXGroup;
			children = (
				3F250F5B1D6C472F005720FE /* YYAvplayer.bundle */,
				3F3424C61D6C49B2008972BE /* YYAvplayer.h */,
				3F3424D31D73DF78008972BE /* YYAvplayerView.h */,
				3F3424D41D73DF78008972BE /* YYAvplayerView.m */,
				3F3424D01D6FDE6F008972BE /* YYAvplayerControlView.h */,
				3F3424D11D6FDE6F008972BE /* YYAvplayerControlView.m */,
				3F3424CD1D6DAD78008972BE /* ASValueTrackingSlider.h */,
				3F3424CE1D6DAD78008972BE /* ASValueTrackingSlider.m */,
				3F3424CA1D6D858C008972BE /* ASValuePopUpView.h */,
				3F3424CB1D6D858C008972BE /* ASValuePopUpView.m */,
				3F3424C71D6C4D2F008972BE /* YYAvplayerBrightnessView.h */,
				3F3424C81D6C4D2F008972BE /* YYAvplayerBrightnessView.m */,
			);
			path = YYAvplayer;
			sourceTree = "<group>";
		};
		3F31AF151D5471D500DF66C8 /* FFMpegExample */ = {
			isa = PBXGroup;
			children = (
				3F31AF161D54722500DF66C8 /* FFMpegDecodeViewController.h */,
				3F31AF171D54722500DF66C8 /* FFMpegDecodeViewController.m */,
				3F3638C81D52E357007E3ED5 /* FFMpegViewController.h */,
				3F3638C91D52E358007E3ED5 /* FFMpegViewController.m */,
				3F04CB171D597D6600FA51F9 /* FFMpegPushStreamViewController.h */,
				3F04CB181D597D6600FA51F9 /* FFMpegPushStreamViewController.m */,
				3F4B1D1B1D67063700F0EB21 /* JAVPlayerViewController.h */,
				3F4B1D1C1D67063700F0EB21 /* JAVPlayerViewController.m */,
				3F4B1D201D670E6300F0EB21 /* MPPlayerViewController.h */,
				3F4B1D211D670E6300F0EB21 /* MPPlayerViewController.m */,
				3F4B1D231D6AA1A800F0EB21 /* SystemAVPlayerViewController.h */,
				3F4B1D241D6AA1A800F0EB21 /* SystemAVPlayerViewController.m */,
			);
			name = FFMpegExample;
			sourceTree = "<group>";
		};
		3F3638BA1D51BDA8007E3ED5 /* UI Elements */ = {
			isa = PBXGroup;
			children = (
				3F3638BB1D51BDD4007E3ED5 /* YYNavigationController.h */,
				3F3638BC1D51BDD4007E3ED5 /* YYNavigationController.m */,
				3F24D9211D61CE2100407FF9 /* UIColor+JCAdditions.h */,
				3F24D9221D61CE2100407FF9 /* UIColor+JCAdditions.m */,
				3F24D9231D61CE2100407FF9 /* UIFont+JCAdditions.h */,
				3F24D9241D61CE2100407FF9 /* UIFont+JCAdditions.m */,
			);
			name = "UI Elements";
			sourceTree = "<group>";
		};
		3F7FDF211D4F453D00E04DA1 = {
			isa = PBXGroup;
			children = (
				3F7FDF2C1D4F453D00E04DA1 /* YYPlay */,
				3F7FDF2B1D4F453D00E04DA1 /* Products */,
				CD4CDFF1003DAD7053D6BED5 /* Pods */,
				FBD8BB545845D5CB9BFE9E8D /* Frameworks */,
			);
			sourceTree = "<group>";
		};
		3F7FDF2B1D4F453D00E04DA1 /* Products */ = {
			isa = PBXGroup;
			children = (
				3F7FDF2A1D4F453D00E04DA1 /* YYPlay.app */,
			);
			name = Products;
			sourceTree = "<group>";
		};
		3F7FDF2C1D4F453D00E04DA1 /* YYPlay */ = {
			isa = PBXGroup;
			children = (
				3F3638BA1D51BDA8007E3ED5 /* UI Elements */,
				3FA8B1611D50EB8E009AE276 /* FFmpeg-iOS */,
				3FA8B0CC1D50BE88009AE276 /* Player */,
				3FA8B0C91D503179009AE276 /* Resource */,
				3F7FDF301D4F453D00E04DA1 /* AppDelegate.h */,
				3F7FDF311D4F453D00E04DA1 /* AppDelegate.m */,
				3F7FDF331D4F453D00E04DA1 /* MainViewController.h */,
				3F7FDF341D4F453D00E04DA1 /* MainViewController.m */,
				3FA8B0BC1D4F56B4009AE276 /* SideMenu */,
				3F7FDF3B1D4F453D00E04DA1 /* LaunchScreen.storyboard */,
				3F7FDF3E1D4F453D00E04DA1 /* Info.plist */,
				3F7FDF2D1D4F453D00E04DA1 /* Supporting Files */,
			);
			path = YYPlay;
			sourceTree = "<group>";
		};
		3F7FDF2D1D4F453D00E04DA1 /* Supporting Files */ = {
			isa = PBXGroup;
			children = (
				3F7FDF2E1D4F453D00E04DA1 /* main.m */,
				3F3638C11D51DC61007E3ED5 /* YYPlay.pch */,
			);
			name = "Supporting Files";
			sourceTree = "<group>";
		};
		3FA8B0BC1D4F56B4009AE276 /* SideMenu */ = {
			isa = PBXGroup;
			children = (
				3FA8B0C01D4F5ABC009AE276 /* DEMOFirstViewController.h */,
				3FA8B0C11D4F5ABC009AE276 /* DEMOFirstViewController.m */,
				3FA8B0C21D4F5ABC009AE276 /* DEMOSecondViewController.h */,
				3FA8B0C31D4F5ABC009AE276 /* DEMOSecondViewController.m */,
				3FA8B0BD1D4F56EB009AE276 /* LeftSideMenuViewController.h */,
				3FA8B0BE1D4F56EB009AE276 /* LeftSideMenuViewController.m */,
				3FA8B0C61D4F5C9A009AE276 /* SideMenuContentViewController.h */,
				3FA8B0C71D4F5C9A009AE276 /* SideMenuContentViewController.m */,
				3F3638BE1D51C15A007E3ED5 /* SettingViewController.h */,
				3F3638BF1D51C15A007E3ED5 /* SettingViewController.m */,
				3F31AF151D5471D500DF66C8 /* FFMpegExample */,
			);
			name = SideMenu;
			sourceTree = "<group>";
		};
		3FA8B0C91D503179009AE276 /* Resource */ = {
			isa = PBXGroup;
			children = (
				3F04CB151D597D2400FA51F9 /* resource.bundle */,
				3F7FDF391D4F453D00E04DA1 /* Assets.xcassets */,
				3FA8B0CA1D5031A9009AE276 /* Image.xcassets */,
			);
			name = Resource;
			sourceTree = "<group>";
		};
		3FA8B0CC1D50BE88009AE276 /* Player */ = {
			isa = PBXGroup;
			children = (
				3FA8B15E1D50E19D009AE276 /* YYPlayer.cpp */,
				3F250F5A1D6C46F5005720FE /* YYAvplayer */,
				3FA8B15F1D50E19D009AE276 /* YYPlayer.h */,
				3FA8B1E01D50EF4A009AE276 /* YYMiniPlayerView.h */,
				3FA8B1E11D50EF4A009AE276 /* YYMiniPlayerView.m */,
			);
			path = Player;
			sourceTree = "<group>";
		};
		3FA8B1611D50EB8E009AE276 /* FFmpeg-iOS */ = {
			isa = PBXGroup;
			children = (
				3FA8B1621D50EB8E009AE276 /* include */,
				3FA8B1D11D50EB8E009AE276 /* lib */,
			);
			path = "FFmpeg-iOS";
			sourceTree = "<group>";
		};
		3FA8B1621D50EB8E009AE276 /* include */ = {
			isa = PBXGroup;
			children = (
				3FA8B1631D50EB8E009AE276 /* libavcodec */,
				3FA8B1771D50EB8E009AE276 /* libavfilter */,
				3FA8B17D1D50EB8E009AE276 /* libavformat */,
				3FA8B1811D50EB8E009AE276 /* libavutil */,
				3FA8B1CB1D50EB8E009AE276 /* libswresample */,
				3FA8B1CE1D50EB8E009AE276 /* libswscale */,
			);
			path = include;
			sourceTree = "<group>";
		};
		3FA8B1631D50EB8E009AE276 /* libavcodec */ = {
			isa = PBXGroup;
			children = (
				3FA8B1641D50EB8E009AE276 /* avcodec.h */,
				3FA8B1651D50EB8E009AE276 /* avdct.h */,
				3FA8B1661D50EB8E009AE276 /* avfft.h */,
				3FA8B1671D50EB8E009AE276 /* d3d11va.h */,
				3FA8B1681D50EB8E009AE276 /* dirac.h */,
				3FA8B1691D50EB8E009AE276 /* dv_profile.h */,
				3FA8B16A1D50EB8E009AE276 /* dxva2.h */,
				3FA8B16B1D50EB8E009AE276 /* jni.h */,
				3FA8B16C1D50EB8E009AE276 /* qsv.h */,
				3FA8B16D1D50EB8E009AE276 /* vaapi.h */,
				3FA8B16E1D50EB8E009AE276 /* vda.h */,
				3FA8B16F1D50EB8E009AE276 /* vdpau.h */,
				3FA8B1701D50EB8E009AE276 /* version.h */,
				3FA8B1711D50EB8E009AE276 /* videotoolbox.h */,
				3FA8B1721D50EB8E009AE276 /* vorbis_parser.h */,
				3FA8B1731D50EB8E009AE276 /* xvmc.h */,
			);
			path = libavcodec;
			sourceTree = "<group>";
		};
		3FA8B1771D50EB8E009AE276 /* libavfilter */ = {
			isa = PBXGroup;
			children = (
				3FA8B1781D50EB8E009AE276 /* avfilter.h */,
				3FA8B1791D50EB8E009AE276 /* avfiltergraph.h */,
				3FA8B17A1D50EB8E009AE276 /* buffersink.h */,
				3FA8B17B1D50EB8E009AE276 /* buffersrc.h */,
				3FA8B17C1D50EB8E009AE276 /* version.h */,
			);
			path = libavfilter;
			sourceTree = "<group>";
		};
		3FA8B17D1D50EB8E009AE276 /* libavformat */ = {
			isa = PBXGroup;
			children = (
				3FA8B17E1D50EB8E009AE276 /* avformat.h */,
				3FA8B17F1D50EB8E009AE276 /* avio.h */,
				3FA8B1801D50EB8E009AE276 /* version.h */,
			);
			path = libavformat;
			sourceTree = "<group>";
		};
		3FA8B1811D50EB8E009AE276 /* libavutil */ = {
			isa = PBXGroup;
			children = (
				3FA8B1821D50EB8E009AE276 /* adler32.h */,
				3FA8B1831D50EB8E009AE276 /* aes.h */,
				3FA8B1841D50EB8E009AE276 /* aes_ctr.h */,
				3FA8B1851D50EB8E009AE276 /* attributes.h */,
				3FA8B1861D50EB8E009AE276 /* audio_fifo.h */,
				3FA8B1871D50EB8E009AE276 /* avassert.h */,
				3FA8B1881D50EB8E009AE276 /* avconfig.h */,
				3FA8B1891D50EB8E009AE276 /* avstring.h */,
				3FA8B18A1D50EB8E009AE276 /* avutil.h */,
				3FA8B18B1D50EB8E009AE276 /* base64.h */,
				3FA8B18C1D50EB8E009AE276 /* blowfish.h */,
				3FA8B18D1D50EB8E009AE276 /* bprint.h */,
				3FA8B18E1D50EB8E009AE276 /* bswap.h */,
				3FA8B18F1D50EB8E009AE276 /* buffer.h */,
				3FA8B1901D50EB8E009AE276 /* camellia.h */,
				3FA8B1911D50EB8E009AE276 /* cast5.h */,
				3FA8B1921D50EB8E009AE276 /* channel_layout.h */,
				3FA8B1931D50EB8E009AE276 /* common.h */,
				3FA8B1941D50EB8E009AE276 /* cpu.h */,
				3FA8B1951D50EB8E009AE276 /* crc.h */,
				3FA8B1961D50EB8E009AE276 /* des.h */,
				3FA8B1971D50EB8E009AE276 /* dict.h */,
				3FA8B1981D50EB8E009AE276 /* display.h */,
				3FA8B1991D50EB8E009AE276 /* downmix_info.h */,
				3FA8B19A1D50EB8E009AE276 /* error.h */,
				3FA8B19B1D50EB8E009AE276 /* eval.h */,
				3FA8B19C1D50EB8E009AE276 /* ffversion.h */,
				3FA8B19D1D50EB8E009AE276 /* fifo.h */,
				3FA8B19E1D50EB8E009AE276 /* file.h */,
				3FA8B19F1D50EB8E009AE276 /* frame.h */,
				3FA8B1A01D50EB8E009AE276 /* hash.h */,
				3FA8B1A11D50EB8E009AE276 /* hmac.h */,
				3FA8B1A21D50EB8E009AE276 /* hwcontext.h */,
				3FA8B1A31D50EB8E009AE276 /* hwcontext_cuda.h */,
				3FA8B1A41D50EB8E009AE276 /* hwcontext_dxva2.h */,
				3FA8B1A51D50EB8E009AE276 /* hwcontext_vaapi.h */,
				3FA8B1A61D50EB8E009AE276 /* hwcontext_vdpau.h */,
				3FA8B1A71D50EB8E009AE276 /* imgutils.h */,
				3FA8B1A81D50EB8E009AE276 /* intfloat.h */,
				3FA8B1A91D50EB8E009AE276 /* intreadwrite.h */,
				3FA8B1AA1D50EB8E009AE276 /* lfg.h */,
				3FA8B1AB1D50EB8E009AE276 /* log.h */,
				3FA8B1AC1D50EB8E009AE276 /* lzo.h */,
				3FA8B1AD1D50EB8E009AE276 /* macros.h */,
				3FA8B1AE1D50EB8E009AE276 /* mastering_display_metadata.h */,
				3FA8B1AF1D50EB8E009AE276 /* mathematics.h */,
				3FA8B1B01D50EB8E009AE276 /* md5.h */,
				3FA8B1B11D50EB8E009AE276 /* mem.h */,
				3FA8B1B21D50EB8E009AE276 /* motion_vector.h */,
				3FA8B1B31D50EB8E009AE276 /* murmur3.h */,
				3FA8B1B41D50EB8E009AE276 /* opt.h */,
				3FA8B1B51D50EB8E009AE276 /* parseutils.h */,
				3FA8B1B61D50EB8E009AE276 /* pixdesc.h */,
				3FA8B1B71D50EB8E009AE276 /* pixelutils.h */,
				3FA8B1B81D50EB8E009AE276 /* pixfmt.h */,
				3FA8B1B91D50EB8E009AE276 /* random_seed.h */,
				3FA8B1BA1D50EB8E009AE276 /* rational.h */,
				3FA8B1BB1D50EB8E009AE276 /* rc4.h */,
				3FA8B1BC1D50EB8E009AE276 /* replaygain.h */,
				3FA8B1BD1D50EB8E009AE276 /* ripemd.h */,
				3FA8B1BE1D50EB8E009AE276 /* samplefmt.h */,
				3FA8B1BF1D50EB8E009AE276 /* sha.h */,
				3FA8B1C01D50EB8E009AE276 /* sha512.h */,
				3FA8B1C11D50EB8E009AE276 /* stereo3d.h */,
				3FA8B1C21D50EB8E009AE276 /* tea.h */,
				3FA8B1C31D50EB8E009AE276 /* threadmessage.h */,
				3FA8B1C41D50EB8E009AE276 /* time.h */,
				3FA8B1C51D50EB8E009AE276 /* timecode.h */,
				3FA8B1C61D50EB8E009AE276 /* timestamp.h */,
				3FA8B1C71D50EB8E009AE276 /* tree.h */,
				3FA8B1C81D50EB8E009AE276 /* twofish.h */,
				3FA8B1C91D50EB8E009AE276 /* version.h */,
				3FA8B1CA1D50EB8E009AE276 /* xtea.h */,
			);
			path = libavutil;
			sourceTree = "<group>";
		};
		3FA8B1CB1D50EB8E009AE276 /* libswresample */ = {
			isa = PBXGroup;
			children = (
				3FA8B1CC1D50EB8E009AE276 /* swresample.h */,
				3FA8B1CD1D50EB8E009AE276 /* version.h */,
			);
			path = libswresample;
			sourceTree = "<group>";
		};
		3FA8B1CE1D50EB8E009AE276 /* libswscale */ = {
			isa = PBXGroup;
			children = (
				3FA8B1CF1D50EB8E009AE276 /* swscale.h */,
				3FA8B1D01D50EB8E009AE276 /* version.h */,
			);
			path = libswscale;
			sourceTree = "<group>";
		};
		3FA8B1D11D50EB8E009AE276 /* lib */ = {
			isa = PBXGroup;
			children = (
				3FA8B1D21D50EB8E009AE276 /* libavcodec.a */,
				3FA8B1D41D50EB8E009AE276 /* libavfilter.a */,
				3FA8B1D51D50EB8E009AE276 /* libavformat.a */,
				3FA8B1D61D50EB8E009AE276 /* libavutil.a */,
				3FA8B1D71D50EB8E009AE276 /* libswresample.a */,
				3FA8B1D81D50EB8E009AE276 /* libswscale.a */,
			);
			path = lib;
			sourceTree = "<group>";
		};
		CD4CDFF1003DAD7053D6BED5 /* Pods */ = {
			isa = PBXGroup;
			children = (
				EA5DEE2B8704D5D84EF2E976 /* Pods-YYPlay.debug.xcconfig */,
				5F82A3027ED7FF9F9B8C711F /* Pods-YYPlay.release.xcconfig */,
			);
			name = Pods;
			sourceTree = "<group>";
		};
		FBD8BB545845D5CB9BFE9E8D /* Frameworks */ = {
			isa = PBXGroup;
			children = (
				3FA8B15C1D50DFBB009AE276 /* AudioToolbox.framework */,
				3FA8B15A1D50DFB2009AE276 /* AVFoundation.framework */,
				3FA8B1581D50DFA8009AE276 /* libbz2.1.0.tbd */,
				3F4B1D191D67056700F0EB21 /* IJKMediaFramework.framework */,
				3FA8B1561D50DF9F009AE276 /* libz.tbd */,
				3FA8B1541D50DF95009AE276 /* libiconv.tbd */,
				3FA8B1521D50DF80009AE276 /* Foundation.framework */,
				3FA8B1501D50DF73009AE276 /* CoreGraphics.framework */,
				3FA8B14E1D50DF69009AE276 /* VideoToolbox.framework */,
				3FA8B14C1D50DF5F009AE276 /* CoreMedia.framework */,
				4BBF5CF9BBB245B2FC825A1D /* libPods-YYPlay.a */,
			);
			name = Frameworks;
			sourceTree = "<group>";
		};
/* End PBXGroup section */

/* Begin PBXNativeTarget section */
		3F7FDF291D4F453D00E04DA1 /* YYPlay */ = {
			isa = PBXNativeTarget;
			buildConfigurationList = 3F7FDF411D4F453D00E04DA1 /* Build configuration list for PBXNativeTarget "YYPlay" */;
			buildPhases = (
				4DAF6A006B4BBF589173826A /* [CP] Check Pods Manifest.lock */,
				3F7FDF261D4F453D00E04DA1 /* Sources */,
				3F7FDF271D4F453D00E04DA1 /* Frameworks */,
				3F7FDF281D4F453D00E04DA1 /* Resources */,
				28C6C191827A8988FCAEF6B1 /* [CP] Embed Pods Frameworks */,
				4DEC7FF88DAB5FC628CDFEC7 /* [CP] Copy Pods Resources */,
			);
			buildRules = (
			);
			dependencies = (
			);
			name = YYPlay;
			productName = YYPlay;
			productReference = 3F7FDF2A1D4F453D00E04DA1 /* YYPlay.app */;
			productType = "com.apple.product-type.application";
		};
/* End PBXNativeTarget section */

/* Begin PBXProject section */
		3F7FDF221D4F453D00E04DA1 /* Project object */ = {
			isa = PBXProject;
			attributes = {
				LastUpgradeCheck = 0730;
				ORGANIZATIONNAME = MF;
				TargetAttributes = {
					3F7FDF291D4F453D00E04DA1 = {
						CreatedOnToolsVersion = 7.3.1;
						DevelopmentTeam = DD6C2YQSJ9;
					};
				};
			};
			buildConfigurationList = 3F7FDF251D4F453D00E04DA1 /* Build configuration list for PBXProject "YYPlay" */;
			compatibilityVersion = "Xcode 3.2";
			developmentRegion = English;
			hasScannedForEncodings = 0;
			knownRegions = (
				en,
				Base,
			);
			mainGroup = 3F7FDF211D4F453D00E04DA1;
			productRefGroup = 3F7FDF2B1D4F453D00E04DA1 /* Products */;
			projectDirPath = "";
			projectRoot = "";
			targets = (
				3F7FDF291D4F453D00E04DA1 /* YYPlay */,
			);
		};
/* End PBXProject section */

/* Begin PBXResourcesBuildPhase section */
		3F7FDF281D4F453D00E04DA1 /* Resources */ = {
			isa = PBXResourcesBuildPhase;
			buildActionMask = 2147483647;
			files = (
				3F250F5C1D6C472F005720FE /* YYAvplayer.bundle in Resources */,
				3F7FDF3D1D4F453D00E04DA1 /* LaunchScreen.storyboard in Resources */,
				3FA8B0CB1D5031A9009AE276 /* Image.xcassets in Resources */,
				3F7FDF3A1D4F453D00E04DA1 /* Assets.xcassets in Resources */,
				3F04CB161D597D2400FA51F9 /* resource.bundle in Resources */,
			);
			runOnlyForDeploymentPostprocessing = 0;
		};
/* End PBXResourcesBuildPhase section */

/* Begin PBXShellScriptBuildPhase section */
		28C6C191827A8988FCAEF6B1 /* [CP] Embed Pods Frameworks */ = {
			isa = PBXShellScriptBuildPhase;
			buildActionMask = 2147483647;
			files = (
			);
			inputPaths = (
			);
			name = "[CP] Embed Pods Frameworks";
			outputPaths = (
			);
			runOnlyForDeploymentPostprocessing = 0;
			shellPath = /bin/sh;
			shellScript = "\"${SRCROOT}/Pods/Target Support Files/Pods-YYPlay/Pods-YYPlay-frameworks.sh\"\n";
			showEnvVarsInLog = 0;
		};
		4DAF6A006B4BBF589173826A /* [CP] Check Pods Manifest.lock */ = {
			isa = PBXShellScriptBuildPhase;
			buildActionMask = 2147483647;
			files = (
			);
			inputPaths = (
			);
			name = "[CP] Check Pods Manifest.lock";
			outputPaths = (
			);
			runOnlyForDeploymentPostprocessing = 0;
			shellPath = /bin/sh;
			shellScript = "diff \"${PODS_ROOT}/../Podfile.lock\" \"${PODS_ROOT}/Manifest.lock\" > /dev/null\nif [ $? != 0 ] ; then\n    # print error to STDERR\n    echo \"error: The sandbox is not in sync with the Podfile.lock. Run 'pod install' or update your CocoaPods installation.\" >&2\n    exit 1\nfi\n";
			showEnvVarsInLog = 0;
		};
		4DEC7FF88DAB5FC628CDFEC7 /* [CP] Copy Pods Resources */ = {
			isa = PBXShellScriptBuildPhase;
			buildActionMask = 2147483647;
			files = (
			);
			inputPaths = (
			);
			name = "[CP] Copy Pods Resources";
			outputPaths = (
			);
			runOnlyForDeploymentPostprocessing = 0;
			shellPath = /bin/sh;
			shellScript = "\"${SRCROOT}/Pods/Target Support Files/Pods-YYPlay/Pods-YYPlay-resources.sh\"\n";
			showEnvVarsInLog = 0;
		};
/* End PBXShellScriptBuildPhase section */

/* Begin PBXSourcesBuildPhase section */
		3F7FDF261D4F453D00E04DA1 /* Sources */ = {
			isa = PBXSourcesBuildPhase;
			buildActionMask = 2147483647;
			files = (
				3F4B1D221D670E6300F0EB21 /* MPPlayerViewController.m in Sources */,
				3F7FDF351D4F453D00E04DA1 /* MainViewController.m in Sources */,
				3F31AF181D54722500DF66C8 /* FFMpegDecodeViewController.m in Sources */,
				3FA8B0C81D4F5C9A009AE276 /* SideMenuContentViewController.m in Sources */,
				3F7FDF321D4F453D00E04DA1 /* AppDelegate.m in Sources */,
				3F4B1D251D6AA1A800F0EB21 /* SystemAVPlayerViewController.m in Sources */,
				3F7FDF2F1D4F453D00E04DA1 /* main.m in Sources */,
				3F4B1D1D1D67063700F0EB21 /* JAVPlayerViewController.m in Sources */,
				3F04CB191D597D6600FA51F9 /* FFMpegPushStreamViewController.m in Sources */,
				3F24D9251D61CE2100407FF9 /* UIColor+JCAdditions.m in Sources */,
				3FA8B1E21D50EF4A009AE276 /* YYMiniPlayerView.m in Sources */,
				3F3424CC1D6D858C008972BE /* ASValuePopUpView.m in Sources */,
				3FA8B1601D50E19D009AE276 /* YYPlayer.cpp in Sources */,
				3FA8B0C41D4F5ABC009AE276 /* DEMOFirstViewController.m in Sources */,
				3FA8B0BF1D4F56EB009AE276 /* LeftSideMenuViewController.m in Sources */,
				3F24D9261D61CE2100407FF9 /* UIFont+JCAdditions.m in Sources */,
				3F3424C91D6C4D2F008972BE /* YYAvplayerBrightnessView.m in Sources */,
				3F3424D21D6FDE6F008972BE /* YYAvplayerControlView.m in Sources */,
				3F3638CA1D52E358007E3ED5 /* FFMpegViewController.m in Sources */,
				3F3424D51D73DF78008972BE /* YYAvplayerView.m in Sources */,
				3FA8B0C51D4F5ABC009AE276 /* DEMOSecondViewController.m in Sources */,
				3F3638C01D51C15A007E3ED5 /* SettingViewController.m in Sources */,
				3F3638BD1D51BDD4007E3ED5 /* YYNavigationController.m in Sources */,
				3F3424CF1D6DAD78008972BE /* ASValueTrackingSlider.m in Sources */,
			);
			runOnlyForDeploymentPostprocessing = 0;
		};
/* End PBXSourcesBuildPhase section */

/* Begin PBXVariantGroup section */
		3F7FDF3B1D4F453D00E04DA1 /* LaunchScreen.storyboard */ = {
			isa = PBXVariantGroup;
			children = (
				3F7FDF3C1D4F453D00E04DA1 /* Base */,
			);
			name = LaunchScreen.storyboard;
			sourceTree = "<group>";
		};
/* End PBXVariantGroup section */

/* Begin XCBuildConfiguration section */
		3F7FDF3F1D4F453D00E04DA1 /* Debug */ = {
			isa = XCBuildConfiguration;
			buildSettings = {
				ALWAYS_SEARCH_USER_PATHS = NO;
				CLANG_ANALYZER_NONNULL = YES;
				CLANG_CXX_LANGUAGE_STANDARD = "gnu++0x";
				CLANG_CXX_LIBRARY = "libc++";
				CLANG_ENABLE_MODULES = YES;
				CLANG_ENABLE_OBJC_ARC = YES;
				CLANG_WARN_BOOL_CONVERSION = YES;
				CLANG_WARN_CONSTANT_CONVERSION = YES;
				CLANG_WARN_DIRECT_OBJC_ISA_USAGE = YES_ERROR;
				CLANG_WARN_EMPTY_BODY = YES;
				CLANG_WARN_ENUM_CONVERSION = YES;
				CLANG_WARN_INT_CONVERSION = YES;
				CLANG_WARN_OBJC_ROOT_CLASS = YES_ERROR;
				CLANG_WARN_UNREACHABLE_CODE = YES;
				CLANG_WARN__DUPLICATE_METHOD_MATCH = YES;
				"CODE_SIGN_IDENTITY[sdk=iphoneos*]" = "iPhone Developer";
				COPY_PHASE_STRIP = NO;
				DEBUG_INFORMATION_FORMAT = dwarf;
				ENABLE_STRICT_OBJC_MSGSEND = YES;
				ENABLE_TESTABILITY = YES;
				GCC_C_LANGUAGE_STANDARD = gnu99;
				GCC_DYNAMIC_NO_PIC = NO;
				GCC_NO_COMMON_BLOCKS = YES;
				GCC_OPTIMIZATION_LEVEL = 0;
				GCC_PREPROCESSOR_DEFINITIONS = (
					"DEBUG=1",
					"$(inherited)",
				);
				GCC_WARN_64_TO_32_BIT_CONVERSION = YES;
				GCC_WARN_ABOUT_RETURN_TYPE = YES_ERROR;
				GCC_WARN_UNDECLARED_SELECTOR = YES;
				GCC_WARN_UNINITIALIZED_AUTOS = YES_AGGRESSIVE;
				GCC_WARN_UNUSED_FUNCTION = YES;
				GCC_WARN_UNUSED_VARIABLE = YES;
				IPHONEOS_DEPLOYMENT_TARGET = 9.3;
				MTL_ENABLE_DEBUG_INFO = YES;
				ONLY_ACTIVE_ARCH = YES;
				SDKROOT = iphoneos;
				TARGETED_DEVICE_FAMILY = "1,2";
			};
			name = Debug;
		};
		3F7FDF401D4F453D00E04DA1 /* Release */ = {
			isa = XCBuildConfiguration;
			buildSettings = {
				ALWAYS_SEARCH_USER_PATHS = NO;
				CLANG_ANALYZER_NONNULL = YES;
				CLANG_CXX_LANGUAGE_STANDARD = "gnu++0x";
				CLANG_CXX_LIBRARY = "libc++";
				CLANG_ENABLE_MODULES = YES;
				CLANG_ENABLE_OBJC_ARC = YES;
				CLANG_WARN_BOOL_CONVERSION = YES;
				CLANG_WARN_CONSTANT_CONVERSION = YES;
				CLANG_WARN_DIRECT_OBJC_ISA_USAGE = YES_ERROR;
				CLANG_WARN_EMPTY_BODY = YES;
				CLANG_WARN_ENUM_CONVERSION = YES;
				CLANG_WARN_INT_CONVERSION = YES;
				CLANG_WARN_OBJC_ROOT_CLASS = YES_ERROR;
				CLANG_WARN_UNREACHABLE_CODE = YES;
				CLANG_WARN__DUPLICATE_METHOD_MATCH = YES;
				"CODE_SIGN_IDENTITY[sdk=iphoneos*]" = "iPhone Developer";
				COPY_PHASE_STRIP = NO;
				DEBUG_INFORMATION_FORMAT = "dwarf-with-dsym";
				ENABLE_NS_ASSERTIONS = NO;
				ENABLE_STRICT_OBJC_MSGSEND = YES;
				GCC_C_LANGUAGE_STANDARD = gnu99;
				GCC_NO_COMMON_BLOCKS = YES;
				GCC_WARN_64_TO_32_BIT_CONVERSION = YES;
				GCC_WARN_ABOUT_RETURN_TYPE = YES_ERROR;
				GCC_WARN_UNDECLARED_SELECTOR = YES;
				GCC_WARN_UNINITIALIZED_AUTOS = YES_AGGRESSIVE;
				GCC_WARN_UNUSED_FUNCTION = YES;
				GCC_WARN_UNUSED_VARIABLE = YES;
				IPHONEOS_DEPLOYMENT_TARGET = 9.3;
				MTL_ENABLE_DEBUG_INFO = NO;
				SDKROOT = iphoneos;
				TARGETED_DEVICE_FAMILY = "1,2";
				VALIDATE_PRODUCT = YES;
			};
			name = Release;
		};
		3F7FDF421D4F453D00E04DA1 /* Debug */ = {
			isa = XCBuildConfiguration;
			baseConfigurationReference = EA5DEE2B8704D5D84EF2E976 /* Pods-YYPlay.debug.xcconfig */;
			buildSettings = {
				ASSETCATALOG_COMPILER_APPICON_NAME = AppIcon;
				CODE_SIGN_IDENTITY = "iPhone Developer";
				FRAMEWORK_SEARCH_PATHS = (
					"$(inherited)",
					"$(PROJECT_DIR)",
				);
				GCC_PRECOMPILE_PREFIX_HEADER = YES;
				GCC_PREFIX_HEADER = "$(PROJECT_DIR)/YYPlay/YYPlay.pch";
				HEADER_SEARCH_PATHS = (
					"$(inherited)",
					"\"${PODS_ROOT}/Headers/Public\"",
					"\"${PODS_ROOT}/Headers/Public/MBProgressHUD\"",
					"\"${PODS_ROOT}/Headers/Public/Masonry\"",
					"\"${PODS_ROOT}/Headers/Public/Onboard\"",
					"\"${PODS_ROOT}/Headers/Public/RESideMenu\"",
					"\"${PODS_ROOT}/Headers/Public/SDWebImage\"",
					"\"$(PROJECT_DIR)/YYPlay/FFmpeg-iOS/include\"",
				);
				INFOPLIST_FILE = YYPlay/Info.plist;
				LD_RUNPATH_SEARCH_PATHS = "$(inherited) @executable_path/Frameworks";
				LIBRARY_SEARCH_PATHS = (
					"$(inherited)",
					"$(PROJECT_DIR)/YYPlay/FFmpeg-iOS/lib",
				);
				PRODUCT_BUNDLE_IDENTIFIER = com.mayfly.YYPlay;
				PRODUCT_NAME = "$(TARGET_NAME)";
			};
			name = Debug;
		};
		3F7FDF431D4F453D00E04DA1 /* Release */ = {
			isa = XCBuildConfiguration;
			baseConfigurationReference = 5F82A3027ED7FF9F9B8C711F /* Pods-YYPlay.release.xcconfig */;
			buildSettings = {
				ASSETCATALOG_COMPILER_APPICON_NAME = AppIcon;
				CODE_SIGN_IDENTITY = "iPhone Developer";
				FRAMEWORK_SEARCH_PATHS = (
					"$(inherited)",
					"$(PROJECT_DIR)",
				);
				GCC_PRECOMPILE_PREFIX_HEADER = YES;
				GCC_PREFIX_HEADER = "$(PROJECT_DIR)/YYPlay/YYPlay.pch";
				HEADER_SEARCH_PATHS = (
					"$(inherited)",
					"\"${PODS_ROOT}/Headers/Public\"",
					"\"${PODS_ROOT}/Headers/Public/MBProgressHUD\"",
					"\"${PODS_ROOT}/Headers/Public/Masonry\"",
					"\"${PODS_ROOT}/Headers/Public/Onboard\"",
					"\"${PODS_ROOT}/Headers/Public/RESideMenu\"",
					"\"${PODS_ROOT}/Headers/Public/SDWebImage\"",
					"\"$(PROJECT_DIR)/YYPlay/FFmpeg-iOS/include\"",
				);
				INFOPLIST_FILE = YYPlay/Info.plist;
				LD_RUNPATH_SEARCH_PATHS = "$(inherited) @executable_path/Frameworks";
				LIBRARY_SEARCH_PATHS = (
					"$(inherited)",
					"$(PROJECT_DIR)/YYPlay/FFmpeg-iOS/lib",
				);
				PRODUCT_BUNDLE_IDENTIFIER = com.mayfly.YYPlay;
				PRODUCT_NAME = "$(TARGET_NAME)";
			};
			name = Release;
		};
/* End XCBuildConfiguration section */

/* Begin XCConfigurationList section */
		3F7FDF251D4F453D00E04DA1 /* Build configuration list for PBXProject "YYPlay" */ = {
			isa = XCConfigurationList;
			buildConfigurations = (
				3F7FDF3F1D4F453D00E04DA1 /* Debug */,
				3F7FDF401D4F453D00E04DA1 /* Release */,
			);
			defaultConfigurationIsVisible = 0;
			defaultConfigurationName = Release;
		};
		3F7FDF411D4F453D00E04DA1 /* Build configuration list for PBXNativeTarget "YYPlay" */ = {
			isa = XCConfigurationList;
			buildConfigurations = (
				3F7FDF421D4F453D00E04DA1 /* Debug */,
				3F7FDF431D4F453D00E04DA1 /* Release */,
			);
			defaultConfigurationIsVisible = 0;
			defaultConfigurationName = Release;
		};
/* End XCConfigurationList section */
	};
	rootObject = 3F7FDF221D4F453D00E04DA1 /* Project object */;
}
